PODS:
  - AFNetworking (4.0.1):
    - AFNetworking/NSURLSession (= 4.0.1)
    - AFNetworking/Reachability (= 4.0.1)
    - AFNetworking/Security (= 4.0.1)
    - AFNetworking/Serialization (= 4.0.1)
    - AFNetworking/UIKit (= 4.0.1)
  - AFNetworking/NSURLSession (4.0.1):
    - AFNetworking/Reachability
    - AFNetworking/Security
    - AFNetworking/Serialization
  - AFNetworking/Reachability (4.0.1)
  - AFNetworking/Security (4.0.1)
  - AFNetworking/Serialization (4.0.1)
  - AFNetworking/UIKit (4.0.1):
    - AFNetworking/NSURLSession
  - FLAnimatedImage (1.0.16)
  - IDnowSDK (5.1.5):
    - AFNetworking (~> 4.0)
    - FLAnimatedImage (~> 1.0)
    - libPhoneNumber-iOS (~> 0.9)
    - Masonry (~> 1.1.0)
    - SocketRocket (~> 0.5.1)
  - libPhoneNumber-iOS (0.9.15)
  - Masonry (1.1.0)
  - SocketRocket (0.5.1)

DEPENDENCIES:
  - IDnowSDK (= 5.1.5)

SPEC REPOS:
  trunk:
    - AFNetworking
    - FLAnimatedImage
    - IDnowSDK
    - libPhoneNumber-iOS
    - Masonry
    - SocketRocket

SPEC CHECKSUMS:
  AFNetworking: 7864c38297c79aaca1500c33288e429c3451fdce
  FLAnimatedImage: 8f3e854ebf9680b71f0b6e700939687fc4d82b4b
  IDnowSDK: fd80a871d565aca5c63cf4367c5d37a320fb3039
  libPhoneNumber-iOS: 0a32a9525cf8744fe02c5206eb30d571e38f7d75
  Masonry: 678fab65091a9290e40e2832a55e7ab731aad201
  SocketRocket: d57c7159b83c3c6655745cd15302aa24b6bae531

COCOAPODS: 1.11.0
