// !$*UTF8*$!
{
	archiveVersion = 1;
	classes = {
	};
	objectVersion = 46;
	objects = {

/* Begin PBXBuildFile section */
		6FC64E751AC1EFC800BA9B5B /* main.m in Sources */ = {isa = PBXBuildFile; fileRef = 6FC64E741AC1EFC800BA9B5B /* main.m */; };
		6FC64E781AC1EFC800BA9B5B /* AppDelegate.m in Sources */ = {isa = PBXBuildFile; fileRef = 6FC64E771AC1EFC800BA9B5B /* AppDelegate.m */; };
		6FC64E7E1AC1EFC800BA9B5B /* ViewController.m in Sources */ = {isa = PBXBuildFile; fileRef = 6FC64E7D1AC1EFC800BA9B5B /* ViewController.m */; };
		6FC64E811AC1EFC800BA9B5B /* Main.storyboard in Resources */ = {isa = PBXBuildFile; fileRef = 6FC64E7F1AC1EFC800BA9B5B /* Main.storyboard */; };
		6FC64E831AC1EFC800BA9B5B /* Images.xcassets in Resources */ = {isa = PBXBuildFile; fileRef = 6FC64E821AC1EFC800BA9B5B /* Images.xcassets */; };
		6FC64E861AC1EFC800BA9B5B /* LaunchScreen.xib in Resources */ = {isa = PBXBuildFile; fileRef = 6FC64E841AC1EFC800BA9B5B /* LaunchScreen.xib */; };
		A7B61EAF29E08858F25C4F53 /* libPods.a in Frameworks */ = {isa = PBXBuildFile; fileRef = 28D8335D0A5D3CD9B1ABFE0E /* libPods.a */; };
/* End PBXBuildFile section */

/* Begin PBXFileReference section */
		28D8335D0A5D3CD9B1ABFE0E /* libPods.a */ = {isa = PBXFileReference; explicitFileType = archive.ar; includeInIndex = 0; path = libPods.a; sourceTree = BUILT_PRODUCTS_DIR; };
		3963B8795E3AB790E235E7AA /* Pods.debug.xcconfig */ = {isa = PBXFileReference; includeInIndex = 1; lastKnownFileType = text.xcconfig; name = Pods.debug.xcconfig; path = "Pods/Target Support Files/Pods/Pods.debug.xcconfig"; sourceTree = "<group>"; };
		4854A9FC1C6DFEFD00DCD8D8 /* AVFoundation.framework */ = {isa = PBXFileReference; lastKnownFileType = wrapper.framework; name = AVFoundation.framework; path = System/Library/Frameworks/AVFoundation.framework; sourceTree = SDKROOT; };
		4854A9FE1C6DFF3000DCD8D8 /* libstdc++.tbd */ = {isa = PBXFileReference; lastKnownFileType = "sourcecode.text-based-dylib-definition"; name = "libstdc++.tbd"; path = "usr/lib/libstdc++.tbd"; sourceTree = SDKROOT; };
		4854AA001C6DFF6500DCD8D8 /* CoreVideo.framework */ = {isa = PBXFileReference; lastKnownFileType = wrapper.framework; name = CoreVideo.framework; path = System/Library/Frameworks/CoreVideo.framework; sourceTree = SDKROOT; };
		4854AA021C6DFF8800DCD8D8 /* AudioToolbox.framework */ = {isa = PBXFileReference; lastKnownFileType = wrapper.framework; name = AudioToolbox.framework; path = System/Library/Frameworks/AudioToolbox.framework; sourceTree = SDKROOT; };
		4854AA041C6DFF9200DCD8D8 /* CoreGraphics.framework */ = {isa = PBXFileReference; lastKnownFileType = wrapper.framework; name = CoreGraphics.framework; path = System/Library/Frameworks/CoreGraphics.framework; sourceTree = SDKROOT; };
		4854AA061C6DFF9B00DCD8D8 /* CoreMedia.framework */ = {isa = PBXFileReference; lastKnownFileType = wrapper.framework; name = CoreMedia.framework; path = System/Library/Frameworks/CoreMedia.framework; sourceTree = SDKROOT; };
		4854AA081C6DFFA300DCD8D8 /* CoreTelephony.framework */ = {isa = PBXFileReference; lastKnownFileType = wrapper.framework; name = CoreTelephony.framework; path = System/Library/Frameworks/CoreTelephony.framework; sourceTree = SDKROOT; };
		4854AA0B1C6DFFB500DCD8D8 /* Foundation.framework */ = {isa = PBXFileReference; lastKnownFileType = wrapper.framework; name = Foundation.framework; path = System/Library/Frameworks/Foundation.framework; sourceTree = SDKROOT; };
		4854AA0D1C6DFFBD00DCD8D8 /* GLKit.framework */ = {isa = PBXFileReference; lastKnownFileType = wrapper.framework; name = GLKit.framework; path = System/Library/Frameworks/GLKit.framework; sourceTree = SDKROOT; };
		4854AA0F1C6DFFC600DCD8D8 /* libc++.tbd */ = {isa = PBXFileReference; lastKnownFileType = "sourcecode.text-based-dylib-definition"; name = "libc++.tbd"; path = "usr/lib/libc++.tbd"; sourceTree = SDKROOT; };
		4854AA111C6DFFCF00DCD8D8 /* libsqlite3.tbd */ = {isa = PBXFileReference; lastKnownFileType = "sourcecode.text-based-dylib-definition"; name = libsqlite3.tbd; path = usr/lib/libsqlite3.tbd; sourceTree = SDKROOT; };
		4854AA131C6DFFEA00DCD8D8 /* OpenGLES.framework */ = {isa = PBXFileReference; lastKnownFileType = wrapper.framework; name = OpenGLES.framework; path = System/Library/Frameworks/OpenGLES.framework; sourceTree = SDKROOT; };
		4854AA151C6DFFF100DCD8D8 /* QuartzCore.framework */ = {isa = PBXFileReference; lastKnownFileType = wrapper.framework; name = QuartzCore.framework; path = System/Library/Frameworks/QuartzCore.framework; sourceTree = SDKROOT; };
		4854AA171C6DFFFB00DCD8D8 /* SystemConfiguration.framework */ = {isa = PBXFileReference; lastKnownFileType = wrapper.framework; name = SystemConfiguration.framework; path = System/Library/Frameworks/SystemConfiguration.framework; sourceTree = SDKROOT; };
		4854AA191C6E000300DCD8D8 /* UIKit.framework */ = {isa = PBXFileReference; lastKnownFileType = wrapper.framework; name = UIKit.framework; path = System/Library/Frameworks/UIKit.framework; sourceTree = SDKROOT; };
		4854AA1B1C6E000B00DCD8D8 /* VideoToolbox.framework */ = {isa = PBXFileReference; lastKnownFileType = wrapper.framework; name = VideoToolbox.framework; path = System/Library/Frameworks/VideoToolbox.framework; sourceTree = SDKROOT; };
		486F997D1C6DF66C00913E08 /* libz.tbd */ = {isa = PBXFileReference; lastKnownFileType = "sourcecode.text-based-dylib-definition"; name = libz.tbd; path = usr/lib/libz.tbd; sourceTree = SDKROOT; };
		486F997F1C6DFE6800913E08 /* OpenTok.framework */ = {isa = PBXFileReference; lastKnownFileType = wrapper.framework; path = OpenTok.framework; sourceTree = "<group>"; };
		52C0EF13E9352C13317EA155 /* Pods.release.xcconfig */ = {isa = PBXFileReference; includeInIndex = 1; lastKnownFileType = text.xcconfig; name = Pods.release.xcconfig; path = "Pods/Target Support Files/Pods/Pods.release.xcconfig"; sourceTree = "<group>"; };
		6FC64E6F1AC1EFC800BA9B5B /* IDnow SDK Demo.app */ = {isa = PBXFileReference; explicitFileType = wrapper.application; includeInIndex = 0; path = "IDnow SDK Demo.app"; sourceTree = BUILT_PRODUCTS_DIR; };
		6FC64E731AC1EFC800BA9B5B /* Info.plist */ = {isa = PBXFileReference; lastKnownFileType = text.plist.xml; path = Info.plist; sourceTree = "<group>"; };
		6FC64E741AC1EFC800BA9B5B /* main.m */ = {isa = PBXFileReference; lastKnownFileType = sourcecode.c.objc; path = main.m; sourceTree = "<group>"; };
		6FC64E761AC1EFC800BA9B5B /* AppDelegate.h */ = {isa = PBXFileReference; lastKnownFileType = sourcecode.c.h; path = AppDelegate.h; sourceTree = "<group>"; };
		6FC64E771AC1EFC800BA9B5B /* AppDelegate.m */ = {isa = PBXFileReference; lastKnownFileType = sourcecode.c.objc; path = AppDelegate.m; sourceTree = "<group>"; };
		6FC64E7C1AC1EFC800BA9B5B /* ViewController.h */ = {isa = PBXFileReference; lastKnownFileType = sourcecode.c.h; path = ViewController.h; sourceTree = "<group>"; };
		6FC64E7D1AC1EFC800BA9B5B /* ViewController.m */ = {isa = PBXFileReference; lastKnownFileType = sourcecode.c.objc; path = ViewController.m; sourceTree = "<group>"; };
		6FC64E801AC1EFC800BA9B5B /* Base */ = {isa = PBXFileReference; lastKnownFileType = file.storyboard; name = Base; path = Base.lproj/Main.storyboard; sourceTree = "<group>"; };
		6FC64E821AC1EFC800BA9B5B /* Images.xcassets */ = {isa = PBXFileReference; lastKnownFileType = folder.assetcatalog; path = Images.xcassets; sourceTree = "<group>"; };
		6FC64E851AC1EFC800BA9B5B /* Base */ = {isa = PBXFileReference; lastKnownFileType = file.xib; name = Base; path = Base.lproj/LaunchScreen.xib; sourceTree = "<group>"; };
		D62DFA8E1C007D5700BD5788 /* Accelerate.framework */ = {isa = PBXFileReference; lastKnownFileType = wrapper.framework; name = Accelerate.framework; path = System/Library/Frameworks/Accelerate.framework; sourceTree = SDKROOT; };
		D62DFA901C007D6400BD5788 /* WebKit.framework */ = {isa = PBXFileReference; lastKnownFileType = wrapper.framework; name = WebKit.framework; path = System/Library/Frameworks/WebKit.framework; sourceTree = SDKROOT; };
/* End PBXFileReference section */

/* Begin PBXFrameworksBuildPhase section */
		6FC64E6C1AC1EFC800BA9B5B /* Frameworks */ = {
			isa = PBXFrameworksBuildPhase;
			buildActionMask = 2147483647;
			files = (
				A7B61EAF29E08858F25C4F53 /* libPods.a in Frameworks */,
			);
			runOnlyForDeploymentPostprocessing = 0;
		};
/* End PBXFrameworksBuildPhase section */

/* Begin PBXGroup section */
		4A9E5A247C8C4F21351B0837 /* Frameworks */ = {
			isa = PBXGroup;
			children = (
				4854AA1B1C6E000B00DCD8D8 /* VideoToolbox.framework */,
				4854AA191C6E000300DCD8D8 /* UIKit.framework */,
				4854AA171C6DFFFB00DCD8D8 /* SystemConfiguration.framework */,
				4854AA151C6DFFF100DCD8D8 /* QuartzCore.framework */,
				4854AA131C6DFFEA00DCD8D8 /* OpenGLES.framework */,
				4854AA111C6DFFCF00DCD8D8 /* libsqlite3.tbd */,
				4854AA0F1C6DFFC600DCD8D8 /* libc++.tbd */,
				4854AA0D1C6DFFBD00DCD8D8 /* GLKit.framework */,
				4854AA0B1C6DFFB500DCD8D8 /* Foundation.framework */,
				4854AA081C6DFFA300DCD8D8 /* CoreTelephony.framework */,
				4854AA061C6DFF9B00DCD8D8 /* CoreMedia.framework */,
				4854AA041C6DFF9200DCD8D8 /* CoreGraphics.framework */,
				4854AA021C6DFF8800DCD8D8 /* AudioToolbox.framework */,
				4854AA001C6DFF6500DCD8D8 /* CoreVideo.framework */,
				4854A9FE1C6DFF3000DCD8D8 /* libstdc++.tbd */,
				4854A9FC1C6DFEFD00DCD8D8 /* AVFoundation.framework */,
				486F997F1C6DFE6800913E08 /* OpenTok.framework */,
				486F997D1C6DF66C00913E08 /* libz.tbd */,
				D62DFA901C007D6400BD5788 /* WebKit.framework */,
				D62DFA8E1C007D5700BD5788 /* Accelerate.framework */,
				28D8335D0A5D3CD9B1ABFE0E /* libPods.a */,
			);
			name = Frameworks;
			sourceTree = "<group>";
		};
		6FC64E661AC1EFC800BA9B5B = {
			isa = PBXGroup;
			children = (
				6FC64E711AC1EFC800BA9B5B /* IDnow SDK Demo */,
				6FC64E701AC1EFC800BA9B5B /* Products */,
				4A9E5A247C8C4F21351B0837 /* Frameworks */,
				D7D64CCF2FB1937A3BA64BBF /* Pods */,
			);
			sourceTree = "<group>";
		};
		6FC64E701AC1EFC800BA9B5B /* Products */ = {
			isa = PBXGroup;
			children = (
				6FC64E6F1AC1EFC800BA9B5B /* IDnow SDK Demo.app */,
			);
			name = Products;
			sourceTree = "<group>";
		};
		6FC64E711AC1EFC800BA9B5B /* IDnow SDK Demo */ = {
			isa = PBXGroup;
			children = (
				6FC64E761AC1EFC800BA9B5B /* AppDelegate.h */,
				6FC64E771AC1EFC800BA9B5B /* AppDelegate.m */,
				6FC64E7C1AC1EFC800BA9B5B /* ViewController.h */,
				6FC64E7D1AC1EFC800BA9B5B /* ViewController.m */,
				6FC64E7F1AC1EFC800BA9B5B /* Main.storyboard */,
				6FC64E821AC1EFC800BA9B5B /* Images.xcassets */,
				6FC64E841AC1EFC800BA9B5B /* LaunchScreen.xib */,
				6FC64E721AC1EFC800BA9B5B /* Supporting Files */,
			);
			path = "IDnow SDK Demo";
			sourceTree = "<group>";
		};
		6FC64E721AC1EFC800BA9B5B /* Supporting Files */ = {
			isa = PBXGroup;
			children = (
				6FC64E731AC1EFC800BA9B5B /* Info.plist */,
				6FC64E741AC1EFC800BA9B5B /* main.m */,
			);
			name = "Supporting Files";
			sourceTree = "<group>";
		};
		D7D64CCF2FB1937A3BA64BBF /* Pods */ = {
			isa = PBXGroup;
			children = (
				3963B8795E3AB790E235E7AA /* Pods.debug.xcconfig */,
				52C0EF13E9352C13317EA155 /* Pods.release.xcconfig */,
			);
			name = Pods;
			sourceTree = "<group>";
		};
/* End PBXGroup section */

/* Begin PBXNativeTarget section */
		6FC64E6E1AC1EFC800BA9B5B /* IDnow SDK Demo */ = {
			isa = PBXNativeTarget;
			buildConfigurationList = 6FC64E951AC1EFC800BA9B5B /* Build configuration list for PBXNativeTarget "IDnow SDK Demo" */;
			buildPhases = (
				66EF28F4A5CC540080DE153A /* Check Pods Manifest.lock */,
				6FC64E6B1AC1EFC800BA9B5B /* Sources */,
				6FC64E6C1AC1EFC800BA9B5B /* Frameworks */,
				6FC64E6D1AC1EFC800BA9B5B /* Resources */,
				7315C822EFD84A6AD5A70FB8 /* Embed Pods Frameworks */,
				9F2B68C6E97C28DCA3A43DCD /* Copy Pods Resources */,
			);
			buildRules = (
			);
			dependencies = (
			);
			name = "IDnow SDK Demo";
			productName = "IDnow SDK Demo";
			productReference = 6FC64E6F1AC1EFC800BA9B5B /* IDnow SDK Demo.app */;
			productType = "com.apple.product-type.application";
		};
/* End PBXNativeTarget section */

/* Begin PBXProject section */
		6FC64E671AC1EFC800BA9B5B /* Project object */ = {
			isa = PBXProject;
			attributes = {
				LastUpgradeCheck = 0710;
				ORGANIZATIONNAME = "IDnow GmbH";
				TargetAttributes = {
					6FC64E6E1AC1EFC800BA9B5B = {
						SystemCapabilities = {
							com.apple.BackgroundModes = {
								enabled = 1;
							};
						};
					};
				};
			};
			buildConfigurationList = 6FC64E6A1AC1EFC800BA9B5B /* Build configuration list for PBXProject "IDnow SDK Demo" */;
			compatibilityVersion = "Xcode 3.2";
			developmentRegion = English;
			hasScannedForEncodings = 0;
			knownRegions = (
				en,
				Base,
			);
			mainGroup = 6FC64E661AC1EFC800BA9B5B;
			productRefGroup = 6FC64E701AC1EFC800BA9B5B /* Products */;
			projectDirPath = "";
			projectRoot = "";
			targets = (
				6FC64E6E1AC1EFC800BA9B5B /* IDnow SDK Demo */,
			);
		};
/* End PBXProject section */

/* Begin PBXResourcesBuildPhase section */
		6FC64E6D1AC1EFC800BA9B5B /* Resources */ = {
			isa = PBXResourcesBuildPhase;
			buildActionMask = 2147483647;
			files = (
				6FC64E811AC1EFC800BA9B5B /* Main.storyboard in Resources */,
				6FC64E861AC1EFC800BA9B5B /* LaunchScreen.xib in Resources */,
				6FC64E831AC1EFC800BA9B5B /* Images.xcassets in Resources */,
			);
			runOnlyForDeploymentPostprocessing = 0;
		};
/* End PBXResourcesBuildPhase section */

/* Begin PBXShellScriptBuildPhase section */
		66EF28F4A5CC540080DE153A /* Check Pods Manifest.lock */ = {
			isa = PBXShellScriptBuildPhase;
			buildActionMask = 2147483647;
			files = (
			);
			inputPaths = (
			);
			name = "Check Pods Manifest.lock";
			outputPaths = (
			);
			runOnlyForDeploymentPostprocessing = 0;
			shellPath = /bin/sh;
			shellScript = "diff \"${PODS_ROOT}/../Podfile.lock\" \"${PODS_ROOT}/Manifest.lock\" > /dev/null\nif [[ $? != 0 ]] ; then\n    cat << EOM\nerror: The sandbox is not in sync with the Podfile.lock. Run 'pod install' or update your CocoaPods installation.\nEOM\n    exit 1\nfi\n";
			showEnvVarsInLog = 0;
		};
		7315C822EFD84A6AD5A70FB8 /* Embed Pods Frameworks */ = {
			isa = PBXShellScriptBuildPhase;
			buildActionMask = 2147483647;
			files = (
			);
			inputPaths = (
			);
			name = "Embed Pods Frameworks";
			outputPaths = (
			);
			runOnlyForDeploymentPostprocessing = 0;
			shellPath = /bin/sh;
			shellScript = "\"${SRCROOT}/Pods/Target Support Files/Pods/Pods-frameworks.sh\"\n";
			showEnvVarsInLog = 0;
		};
		9F2B68C6E97C28DCA3A43DCD /* Copy Pods Resources */ = {
			isa = PBXShellScriptBuildPhase;
			buildActionMask = 2147483647;
			files = (
			);
			inputPaths = (
			);
			name = "Copy Pods Resources";
			outputPaths = (
			);
			runOnlyForDeploymentPostprocessing = 0;
			shellPath = /bin/sh;
			shellScript = "\"${SRCROOT}/Pods/Target Support Files/Pods/Pods-resources.sh\"\n";
			showEnvVarsInLog = 0;
		};
/* End PBXShellScriptBuildPhase section */

/* Begin PBXSourcesBuildPhase section */
		6FC64E6B1AC1EFC800BA9B5B /* Sources */ = {
			isa = PBXSourcesBuildPhase;
			buildActionMask = 2147483647;
			files = (
				6FC64E781AC1EFC800BA9B5B /* AppDelegate.m in Sources */,
				6FC64E7E1AC1EFC800BA9B5B /* ViewController.m in Sources */,
				6FC64E751AC1EFC800BA9B5B /* main.m in Sources */,
			);
			runOnlyForDeploymentPostprocessing = 0;
		};
/* End PBXSourcesBuildPhase section */

/* Begin PBXVariantGroup section */
		6FC64E7F1AC1EFC800BA9B5B /* Main.storyboard */ = {
			isa = PBXVariantGroup;
			children = (
				6FC64E801AC1EFC800BA9B5B /* Base */,
			);
			name = Main.storyboard;
			sourceTree = "<group>";
		};
		6FC64E841AC1EFC800BA9B5B /* LaunchScreen.xib */ = {
			isa = PBXVariantGroup;
			children = (
				6FC64E851AC1EFC800BA9B5B /* Base */,
			);
			name = LaunchScreen.xib;
			sourceTree = "<group>";
		};
/* End PBXVariantGroup section */

/* Begin XCBuildConfiguration section */
		6FC64E931AC1EFC800BA9B5B /* Debug */ = {
			isa = XCBuildConfiguration;
			buildSettings = {
				ALWAYS_SEARCH_USER_PATHS = NO;
				CLANG_CXX_LANGUAGE_STANDARD = "gnu++0x";
				CLANG_CXX_LIBRARY = "libc++";
				CLANG_ENABLE_MODULES = YES;
				CLANG_ENABLE_OBJC_ARC = YES;
				CLANG_WARN_BOOL_CONVERSION = YES;
				CLANG_WARN_CONSTANT_CONVERSION = YES;
				CLANG_WARN_DIRECT_OBJC_ISA_USAGE = YES_ERROR;
				CLANG_WARN_EMPTY_BODY = YES;
				CLANG_WARN_ENUM_CONVERSION = YES;
				CLANG_WARN_INT_CONVERSION = YES;
				CLANG_WARN_OBJC_ROOT_CLASS = YES_ERROR;
				CLANG_WARN_UNREACHABLE_CODE = YES;
				CLANG_WARN__DUPLICATE_METHOD_MATCH = YES;
				"CODE_SIGN_IDENTITY[sdk=iphoneos*]" = "iPhone Developer";
				COPY_PHASE_STRIP = NO;
				ENABLE_STRICT_OBJC_MSGSEND = YES;
				ENABLE_TESTABILITY = YES;
				GCC_C_LANGUAGE_STANDARD = gnu99;
				GCC_DYNAMIC_NO_PIC = NO;
				GCC_OPTIMIZATION_LEVEL = 0;
				GCC_PREPROCESSOR_DEFINITIONS = (
					"DEBUG=1",
					"$(inherited)",
				);
				GCC_SYMBOLS_PRIVATE_EXTERN = NO;
				GCC_WARN_64_TO_32_BIT_CONVERSION = YES;
				GCC_WARN_ABOUT_RETURN_TYPE = YES_ERROR;
				GCC_WARN_UNDECLARED_SELECTOR = YES;
				GCC_WARN_UNINITIALIZED_AUTOS = YES_AGGRESSIVE;
				GCC_WARN_UNUSED_FUNCTION = YES;
				GCC_WARN_UNUSED_VARIABLE = YES;
				IPHONEOS_DEPLOYMENT_TARGET = 8.2;
				MTL_ENABLE_DEBUG_INFO = YES;
				ONLY_ACTIVE_ARCH = YES;
				SDKROOT = iphoneos;
			};
			name = Debug;
		};
		6FC64E941AC1EFC800BA9B5B /* Release */ = {
			isa = XCBuildConfiguration;
			buildSettings = {
				ALWAYS_SEARCH_USER_PATHS = NO;
				CLANG_CXX_LANGUAGE_STANDARD = "gnu++0x";
				CLANG_CXX_LIBRARY = "libc++";
				CLANG_ENABLE_MODULES = YES;
				CLANG_ENABLE_OBJC_ARC = YES;
				CLANG_WARN_BOOL_CONVERSION = YES;
				CLANG_WARN_CONSTANT_CONVERSION = YES;
				CLANG_WARN_DIRECT_OBJC_ISA_USAGE = YES_ERROR;
				CLANG_WARN_EMPTY_BODY = YES;
				CLANG_WARN_ENUM_CONVERSION = YES;
				CLANG_WARN_INT_CONVERSION = YES;
				CLANG_WARN_OBJC_ROOT_CLASS = YES_ERROR;
				CLANG_WARN_UNREACHABLE_CODE = YES;
				CLANG_WARN__DUPLICATE_METHOD_MATCH = YES;
				"CODE_SIGN_IDENTITY[sdk=iphoneos*]" = "iPhone Developer";
				COPY_PHASE_STRIP = NO;
				ENABLE_NS_ASSERTIONS = NO;
				ENABLE_STRICT_OBJC_MSGSEND = YES;
				GCC_C_LANGUAGE_STANDARD = gnu99;
				GCC_WARN_64_TO_32_BIT_CONVERSION = YES;
				GCC_WARN_ABOUT_RETURN_TYPE = YES_ERROR;
				GCC_WARN_UNDECLARED_SELECTOR = YES;
				GCC_WARN_UNINITIALIZED_AUTOS = YES_AGGRESSIVE;
				GCC_WARN_UNUSED_FUNCTION = YES;
				GCC_WARN_UNUSED_VARIABLE = YES;
				IPHONEOS_DEPLOYMENT_TARGET = 8.2;
				MTL_ENABLE_DEBUG_INFO = NO;
				SDKROOT = iphoneos;
				VALIDATE_PRODUCT = YES;
			};
			name = Release;
		};
		6FC64E961AC1EFC800BA9B5B /* Debug */ = {
			isa = XCBuildConfiguration;
			baseConfigurationReference = 3963B8795E3AB790E235E7AA /* Pods.debug.xcconfig */;
			buildSettings = {
				ASSETCATALOG_COMPILER_APPICON_NAME = AppIcon;
				CODE_SIGN_IDENTITY = "iPhone Developer";
				COMPRESS_PNG_FILES = NO;
				ENABLE_BITCODE = YES;
				FRAMEWORK_SEARCH_PATHS = "$(inherited)";
				HEADER_SEARCH_PATHS = (
					"$(inherited)",
					"\"${PODS_ROOT}/Headers/Public\"",
					"\"${PODS_ROOT}/Headers/Public/AFNetworking\"",
					"\"${PODS_ROOT}/Headers/Public/Masonry\"",
					"\"${PODS_ROOT}/Headers/Public/OpenTok\"",
					"\"${PODS_ROOT}/Headers/Public/SocketRocket\"",
					"\"${PODS_ROOT}/Headers/Public/UIAlertView+Blocks\"",
				);
				INFOPLIST_FILE = "IDnow SDK Demo/Info.plist";
				IPHONEOS_DEPLOYMENT_TARGET = 8.0;
				LD_RUNPATH_SEARCH_PATHS = "$(inherited) @executable_path/Frameworks";
				LIBRARY_SEARCH_PATHS = "$(inherited)";
				PRODUCT_BUNDLE_IDENTIFIER = "de.idnow.ios-sample";
				PRODUCT_NAME = "$(TARGET_NAME)";
				TARGETED_DEVICE_FAMILY = "1,2";
			};
			name = Debug;
		};
		6FC64E971AC1EFC800BA9B5B /* Release */ = {
			isa = XCBuildConfiguration;
			baseConfigurationReference = 52C0EF13E9352C13317EA155 /* Pods.release.xcconfig */;
			buildSettings = {
				ASSETCATALOG_COMPILER_APPICON_NAME = AppIcon;
				CODE_SIGN_IDENTITY = "iPhone Developer";
				COMPRESS_PNG_FILES = NO;
				ENABLE_BITCODE = YES;
				FRAMEWORK_SEARCH_PATHS = "$(inherited)";
				HEADER_SEARCH_PATHS = (
					"$(inherited)",
					"\"${PODS_ROOT}/Headers/Public\"",
					"\"${PODS_ROOT}/Headers/Public/AFNetworking\"",
					"\"${PODS_ROOT}/Headers/Public/Masonry\"",
					"\"${PODS_ROOT}/Headers/Public/OpenTok\"",
					"\"${PODS_ROOT}/Headers/Public/SocketRocket\"",
					"\"${PODS_ROOT}/Headers/Public/UIAlertView+Blocks\"",
				);
				INFOPLIST_FILE = "IDnow SDK Demo/Info.plist";
				IPHONEOS_DEPLOYMENT_TARGET = 8.0;
				LD_RUNPATH_SEARCH_PATHS = "$(inherited) @executable_path/Frameworks";
				LIBRARY_SEARCH_PATHS = "$(inherited)";
				PRODUCT_BUNDLE_IDENTIFIER = "de.idnow.ios-sample";
				PRODUCT_NAME = "$(TARGET_NAME)";
				TARGETED_DEVICE_FAMILY = "1,2";
			};
			name = Release;
		};
/* End XCBuildConfiguration section */

/* Begin XCConfigurationList section */
		6FC64E6A1AC1EFC800BA9B5B /* Build configuration list for PBXProject "IDnow SDK Demo" */ = {
			isa = XCConfigurationList;
			buildConfigurations = (
				6FC64E931AC1EFC800BA9B5B /* Debug */,
				6FC64E941AC1EFC800BA9B5B /* Release */,
			);
			defaultConfigurationIsVisible = 0;
			defaultConfigurationName = Release;
		};
		6FC64E951AC1EFC800BA9B5B /* Build configuration list for PBXNativeTarget "IDnow SDK Demo" */ = {
			isa = XCConfigurationList;
			buildConfigurations = (
				6FC64E961AC1EFC800BA9B5B /* Debug */,
				6FC64E971AC1EFC800BA9B5B /* Release */,
			);
			defaultConfigurationIsVisible = 0;
			defaultConfigurationName = Release;
		};
/* End XCConfigurationList section */
	};
	rootObject = 6FC64E671AC1EFC800BA9B5B /* Project object */;
}
