// !$*UTF8*$!
{
	archiveVersion = 1;
	classes = {
	};
	objectVersion = 60;
	objects = {

/* Begin PBXBuildFile section */
		18422FDB2AFA16EE00A5822D /* IDnowSDK in Frameworks */ = {isa = PBXBuildFile; productRef = 18422FDA2AFA16EE00A5822D /* IDnowSDK */; };
		18652B692ABC53A9000B2502 /* IDnowSDK in Frameworks */ = {isa = PBXBuildFile; productRef = 18652B682ABC53A9000B2502 /* IDnowSDK */; };
		187F8BA92AC577AC00ED9216 /* MyUITests.swift in Sources */ = {isa = PBXBuildFile; fileRef = 187F8BA82AC577AC00ED9216 /* MyUITests.swift */; };
		18AB34AB2A0B7FA70086E453 /* spm_example_idnowApp.swift in Sources */ = {isa = PBXBuildFile; fileRef = 18AB34AA2A0B7FA70086E453 /* spm_example_idnowApp.swift */; };
		18AB34AD2A0B7FA70086E453 /* ContentView.swift in Sources */ = {isa = PBXBuildFile; fileRef = 18AB34AC2A0B7FA70086E453 /* ContentView.swift */; };
		18AB34AF2A0B7FA80086E453 /* Assets.xcassets in Resources */ = {isa = PBXBuildFile; fileRef = 18AB34AE2A0B7FA80086E453 /* Assets.xcassets */; };
		18AB34B32A0B7FA80086E453 /* Preview Assets.xcassets in Resources */ = {isa = PBXBuildFile; fileRef = 18AB34B22A0B7FA80086E453 /* Preview Assets.xcassets */; };
		18AB34BD2A0B7FA80086E453 /* spm_example_idnowTests.swift in Sources */ = {isa = PBXBuildFile; fileRef = 18AB34BC2A0B7FA80086E453 /* spm_example_idnowTests.swift */; };
		18AB34C72A0B7FA80086E453 /* spm_example_idnowUITests.swift in Sources */ = {isa = PBXBuildFile; fileRef = 18AB34C62A0B7FA80086E453 /* spm_example_idnowUITests.swift */; };
		18AB34C92A0B7FA80086E453 /* spm_example_idnowUITestsLaunchTests.swift in Sources */ = {isa = PBXBuildFile; fileRef = 18AB34C82A0B7FA80086E453 /* spm_example_idnowUITestsLaunchTests.swift */; };
		18AB34DB2A0B80F60086E453 /* IDnowService.swift in Sources */ = {isa = PBXBuildFile; fileRef = 18AB34DA2A0B80F60086E453 /* IDnowService.swift */; };
		18C622FB2B05B6F700E25113 /* IDnowSDK in Frameworks */ = {isa = PBXBuildFile; productRef = 18C622FA2B05B6F700E25113 /* IDnowSDK */; };
/* End PBXBuildFile section */

/* Begin PBXContainerItemProxy section */
		18AB34B92A0B7FA80086E453 /* PBXContainerItemProxy */ = {
			isa = PBXContainerItemProxy;
			containerPortal = 18AB349F2A0B7FA70086E453 /* Project object */;
			proxyType = 1;
			remoteGlobalIDString = 18AB34A62A0B7FA70086E453;
			remoteInfo = "spm-example-idnow";
		};
		18AB34C32A0B7FA80086E453 /* PBXContainerItemProxy */ = {
			isa = PBXContainerItemProxy;
			containerPortal = 18AB349F2A0B7FA70086E453 /* Project object */;
			proxyType = 1;
			remoteGlobalIDString = 18AB34A62A0B7FA70086E453;
			remoteInfo = "spm-example-idnow";
		};
/* End PBXContainerItemProxy section */

/* Begin PBXFileReference section */
		187F8BA82AC577AC00ED9216 /* MyUITests.swift */ = {isa = PBXFileReference; lastKnownFileType = sourcecode.swift; path = MyUITests.swift; sourceTree = "<group>"; };
		18AB34A72A0B7FA70086E453 /* spm-example-idnow.app */ = {isa = PBXFileReference; explicitFileType = wrapper.application; includeInIndex = 0; path = "spm-example-idnow.app"; sourceTree = BUILT_PRODUCTS_DIR; };
		18AB34AA2A0B7FA70086E453 /* spm_example_idnowApp.swift */ = {isa = PBXFileReference; lastKnownFileType = sourcecode.swift; path = spm_example_idnowApp.swift; sourceTree = "<group>"; };
		18AB34AC2A0B7FA70086E453 /* ContentView.swift */ = {isa = PBXFileReference; lastKnownFileType = sourcecode.swift; path = ContentView.swift; sourceTree = "<group>"; };
		18AB34AE2A0B7FA80086E453 /* Assets.xcassets */ = {isa = PBXFileReference; lastKnownFileType = folder.assetcatalog; path = Assets.xcassets; sourceTree = "<group>"; };
		18AB34B02A0B7FA80086E453 /* spm_example_idnow.entitlements */ = {isa = PBXFileReference; lastKnownFileType = text.plist.entitlements; path = spm_example_idnow.entitlements; sourceTree = "<group>"; };
		18AB34B22A0B7FA80086E453 /* Preview Assets.xcassets */ = {isa = PBXFileReference; lastKnownFileType = folder.assetcatalog; path = "Preview Assets.xcassets"; sourceTree = "<group>"; };
		18AB34B82A0B7FA80086E453 /* spm-example-idnowTests.xctest */ = {isa = PBXFileReference; explicitFileType = wrapper.cfbundle; includeInIndex = 0; path = "spm-example-idnowTests.xctest"; sourceTree = BUILT_PRODUCTS_DIR; };
		18AB34BC2A0B7FA80086E453 /* spm_example_idnowTests.swift */ = {isa = PBXFileReference; lastKnownFileType = sourcecode.swift; path = spm_example_idnowTests.swift; sourceTree = "<group>"; };
		18AB34C22A0B7FA80086E453 /* spm-example-idnowUITests.xctest */ = {isa = PBXFileReference; explicitFileType = wrapper.cfbundle; includeInIndex = 0; path = "spm-example-idnowUITests.xctest"; sourceTree = BUILT_PRODUCTS_DIR; };
		18AB34C62A0B7FA80086E453 /* spm_example_idnowUITests.swift */ = {isa = PBXFileReference; lastKnownFileType = sourcecode.swift; path = spm_example_idnowUITests.swift; sourceTree = "<group>"; };
		18AB34C82A0B7FA80086E453 /* spm_example_idnowUITestsLaunchTests.swift */ = {isa = PBXFileReference; lastKnownFileType = sourcecode.swift; path = spm_example_idnowUITestsLaunchTests.swift; sourceTree = "<group>"; };
		18AB34DA2A0B80F60086E453 /* IDnowService.swift */ = {isa = PBXFileReference; fileEncoding = 4; lastKnownFileType = sourcecode.swift; path = IDnowService.swift; sourceTree = "<group>"; };
/* End PBXFileReference section */

/* Begin PBXFrameworksBuildPhase section */
		18AB34A42A0B7FA70086E453 /* Frameworks */ = {
			isa = PBXFrameworksBuildPhase;
			buildActionMask = 2147483647;
			files = (
				18652B692ABC53A9000B2502 /* IDnowSDK in Frameworks */,
				18C622FB2B05B6F700E25113 /* IDnowSDK in Frameworks */,
				18422FDB2AFA16EE00A5822D /* IDnowSDK in Frameworks */,
			);
			runOnlyForDeploymentPostprocessing = 0;
		};
		18AB34B52A0B7FA80086E453 /* Frameworks */ = {
			isa = PBXFrameworksBuildPhase;
			buildActionMask = 2147483647;
			files = (
			);
			runOnlyForDeploymentPostprocessing = 0;
		};
		18AB34BF2A0B7FA80086E453 /* Frameworks */ = {
			isa = PBXFrameworksBuildPhase;
			buildActionMask = 2147483647;
			files = (
			);
			runOnlyForDeploymentPostprocessing = 0;
		};
/* End PBXFrameworksBuildPhase section */

/* Begin PBXGroup section */
		18AB349E2A0B7FA70086E453 = {
			isa = PBXGroup;
			children = (
				18AB34A92A0B7FA70086E453 /* spm-example-idnow */,
				18AB34BB2A0B7FA80086E453 /* spm-example-idnowTests */,
				18AB34C52A0B7FA80086E453 /* spm-example-idnowUITests */,
				18AB34A82A0B7FA70086E453 /* Products */,
				18AB34D72A0B809B0086E453 /* Frameworks */,
			);
			sourceTree = "<group>";
		};
		18AB34A82A0B7FA70086E453 /* Products */ = {
			isa = PBXGroup;
			children = (
				18AB34A72A0B7FA70086E453 /* spm-example-idnow.app */,
				18AB34B82A0B7FA80086E453 /* spm-example-idnowTests.xctest */,
				18AB34C22A0B7FA80086E453 /* spm-example-idnowUITests.xctest */,
			);
			name = Products;
			sourceTree = "<group>";
		};
		18AB34A92A0B7FA70086E453 /* spm-example-idnow */ = {
			isa = PBXGroup;
			children = (
				18AB34DA2A0B80F60086E453 /* IDnowService.swift */,
				18AB34AA2A0B7FA70086E453 /* spm_example_idnowApp.swift */,
				18AB34AC2A0B7FA70086E453 /* ContentView.swift */,
				18AB34AE2A0B7FA80086E453 /* Assets.xcassets */,
				18AB34B02A0B7FA80086E453 /* spm_example_idnow.entitlements */,
				18AB34B12A0B7FA80086E453 /* Preview Content */,
			);
			path = "spm-example-idnow";
			sourceTree = "<group>";
		};
		18AB34B12A0B7FA80086E453 /* Preview Content */ = {
			isa = PBXGroup;
			children = (
				18AB34B22A0B7FA80086E453 /* Preview Assets.xcassets */,
			);
			path = "Preview Content";
			sourceTree = "<group>";
		};
		18AB34BB2A0B7FA80086E453 /* spm-example-idnowTests */ = {
			isa = PBXGroup;
			children = (
				18AB34BC2A0B7FA80086E453 /* spm_example_idnowTests.swift */,
			);
			path = "spm-example-idnowTests";
			sourceTree = "<group>";
		};
		18AB34C52A0B7FA80086E453 /* spm-example-idnowUITests */ = {
			isa = PBXGroup;
			children = (
				18AB34C62A0B7FA80086E453 /* spm_example_idnowUITests.swift */,
				18AB34C82A0B7FA80086E453 /* spm_example_idnowUITestsLaunchTests.swift */,
				187F8BA82AC577AC00ED9216 /* MyUITests.swift */,
			);
			path = "spm-example-idnowUITests";
			sourceTree = "<group>";
		};
		18AB34D72A0B809B0086E453 /* Frameworks */ = {
			isa = PBXGroup;
			children = (
			);
			name = Frameworks;
			sourceTree = "<group>";
		};
/* End PBXGroup section */

/* Begin PBXNativeTarget section */
		18AB34A62A0B7FA70086E453 /* spm-example-idnow */ = {
			isa = PBXNativeTarget;
			buildConfigurationList = 18AB34CC2A0B7FA80086E453 /* Build configuration list for PBXNativeTarget "spm-example-idnow" */;
			buildPhases = (
				18AB34A32A0B7FA70086E453 /* Sources */,
				18AB34A42A0B7FA70086E453 /* Frameworks */,
				18AB34A52A0B7FA70086E453 /* Resources */,
			);
			buildRules = (
			);
			dependencies = (
			);
			name = "spm-example-idnow";
			packageProductDependencies = (
				18652B682ABC53A9000B2502 /* IDnowSDK */,
				18422FDA2AFA16EE00A5822D /* IDnowSDK */,
				18C622FA2B05B6F700E25113 /* IDnowSDK */,
			);
			productName = "spm-example-idnow";
			productReference = 18AB34A72A0B7FA70086E453 /* spm-example-idnow.app */;
			productType = "com.apple.product-type.application";
		};
		18AB34B72A0B7FA80086E453 /* spm-example-idnowTests */ = {
			isa = PBXNativeTarget;
			buildConfigurationList = 18AB34CF2A0B7FA80086E453 /* Build configuration list for PBXNativeTarget "spm-example-idnowTests" */;
			buildPhases = (
				18AB34B42A0B7FA80086E453 /* Sources */,
				18AB34B52A0B7FA80086E453 /* Frameworks */,
				18AB34B62A0B7FA80086E453 /* Resources */,
			);
			buildRules = (
			);
			dependencies = (
				18AB34BA2A0B7FA80086E453 /* PBXTargetDependency */,
			);
			name = "spm-example-idnowTests";
			productName = "spm-example-idnowTests";
			productReference = 18AB34B82A0B7FA80086E453 /* spm-example-idnowTests.xctest */;
			productType = "com.apple.product-type.bundle.unit-test";
		};
		18AB34C12A0B7FA80086E453 /* spm-example-idnowUITests */ = {
			isa = PBXNativeTarget;
			buildConfigurationList = 18AB34D22A0B7FA80086E453 /* Build configuration list for PBXNativeTarget "spm-example-idnowUITests" */;
			buildPhases = (
				18AB34BE2A0B7FA80086E453 /* Sources */,
				18AB34BF2A0B7FA80086E453 /* Frameworks */,
				18AB34C02A0B7FA80086E453 /* Resources */,
			);
			buildRules = (
			);
			dependencies = (
				18AB34C42A0B7FA80086E453 /* PBXTargetDependency */,
			);
			name = "spm-example-idnowUITests";
			productName = "spm-example-idnowUITests";
			productReference = 18AB34C22A0B7FA80086E453 /* spm-example-idnowUITests.xctest */;
			productType = "com.apple.product-type.bundle.ui-testing";
		};
/* End PBXNativeTarget section */

/* Begin PBXProject section */
		18AB349F2A0B7FA70086E453 /* Project object */ = {
			isa = PBXProject;
			attributes = {
				BuildIndependentTargetsInParallel = 1;
				LastSwiftUpdateCheck = 1430;
				LastUpgradeCheck = 1430;
				TargetAttributes = {
					18AB34A62A0B7FA70086E453 = {
						CreatedOnToolsVersion = 14.3;
					};
					18AB34B72A0B7FA80086E453 = {
						CreatedOnToolsVersion = 14.3;
						TestTargetID = 18AB34A62A0B7FA70086E453;
					};
					18AB34C12A0B7FA80086E453 = {
						CreatedOnToolsVersion = 14.3;
						TestTargetID = 18AB34A62A0B7FA70086E453;
					};
				};
			};
			buildConfigurationList = 18AB34A22A0B7FA70086E453 /* Build configuration list for PBXProject "spm-example-idnow" */;
			compatibilityVersion = "Xcode 13.0";
			developmentRegion = en;
			hasScannedForEncodings = 0;
			knownRegions = (
				en,
				Base,
			);
			mainGroup = 18AB349E2A0B7FA70086E453;
			packageReferences = (
				18C622F92B05B6F700E25113 /* XCLocalSwiftPackageReference "../.." */,
			);
			productRefGroup = 18AB34A82A0B7FA70086E453 /* Products */;
			projectDirPath = "";
			projectRoot = "";
			targets = (
				18AB34A62A0B7FA70086E453 /* spm-example-idnow */,
				18AB34B72A0B7FA80086E453 /* spm-example-idnowTests */,
				18AB34C12A0B7FA80086E453 /* spm-example-idnowUITests */,
			);
		};
/* End PBXProject section */

/* Begin PBXResourcesBuildPhase section */
		18AB34A52A0B7FA70086E453 /* Resources */ = {
			isa = PBXResourcesBuildPhase;
			buildActionMask = 2147483647;
			files = (
				18AB34B32A0B7FA80086E453 /* Preview Assets.xcassets in Resources */,
				18AB34AF2A0B7FA80086E453 /* Assets.xcassets in Resources */,
			);
			runOnlyForDeploymentPostprocessing = 0;
		};
		18AB34B62A0B7FA80086E453 /* Resources */ = {
			isa = PBXResourcesBuildPhase;
			buildActionMask = 2147483647;
			files = (
			);
			runOnlyForDeploymentPostprocessing = 0;
		};
		18AB34C02A0B7FA80086E453 /* Resources */ = {
			isa = PBXResourcesBuildPhase;
			buildActionMask = 2147483647;
			files = (
			);
			runOnlyForDeploymentPostprocessing = 0;
		};
/* End PBXResourcesBuildPhase section */

/* Begin PBXSourcesBuildPhase section */
		18AB34A32A0B7FA70086E453 /* Sources */ = {
			isa = PBXSourcesBuildPhase;
			buildActionMask = 2147483647;
			files = (
				18AB34AD2A0B7FA70086E453 /* ContentView.swift in Sources */,
				18AB34AB2A0B7FA70086E453 /* spm_example_idnowApp.swift in Sources */,
				18AB34DB2A0B80F60086E453 /* IDnowService.swift in Sources */,
			);
			runOnlyForDeploymentPostprocessing = 0;
		};
		18AB34B42A0B7FA80086E453 /* Sources */ = {
			isa = PBXSourcesBuildPhase;
			buildActionMask = 2147483647;
			files = (
				18AB34BD2A0B7FA80086E453 /* spm_example_idnowTests.swift in Sources */,
			);
			runOnlyForDeploymentPostprocessing = 0;
		};
		18AB34BE2A0B7FA80086E453 /* Sources */ = {
			isa = PBXSourcesBuildPhase;
			buildActionMask = 2147483647;
			files = (
				18AB34C92A0B7FA80086E453 /* spm_example_idnowUITestsLaunchTests.swift in Sources */,
				18AB34C72A0B7FA80086E453 /* spm_example_idnowUITests.swift in Sources */,
				187F8BA92AC577AC00ED9216 /* MyUITests.swift in Sources */,
			);
			runOnlyForDeploymentPostprocessing = 0;
		};
/* End PBXSourcesBuildPhase section */

/* Begin PBXTargetDependency section */
		18AB34BA2A0B7FA80086E453 /* PBXTargetDependency */ = {
			isa = PBXTargetDependency;
			target = 18AB34A62A0B7FA70086E453 /* spm-example-idnow */;
			targetProxy = 18AB34B92A0B7FA80086E453 /* PBXContainerItemProxy */;
		};
		18AB34C42A0B7FA80086E453 /* PBXTargetDependency */ = {
			isa = PBXTargetDependency;
			target = 18AB34A62A0B7FA70086E453 /* spm-example-idnow */;
			targetProxy = 18AB34C32A0B7FA80086E453 /* PBXContainerItemProxy */;
		};
/* End PBXTargetDependency section */

/* Begin XCBuildConfiguration section */
		18AB34CA2A0B7FA80086E453 /* Debug */ = {
			isa = XCBuildConfiguration;
			buildSettings = {
				ALWAYS_SEARCH_USER_PATHS = NO;
				CLANG_ANALYZER_NONNULL = YES;
				CLANG_ANALYZER_NUMBER_OBJECT_CONVERSION = YES_AGGRESSIVE;
				CLANG_CXX_LANGUAGE_STANDARD = "gnu++20";
				CLANG_ENABLE_MODULES = YES;
				CLANG_ENABLE_OBJC_ARC = YES;
				CLANG_ENABLE_OBJC_WEAK = YES;
				CLANG_WARN_BLOCK_CAPTURE_AUTORELEASING = YES;
				CLANG_WARN_BOOL_CONVERSION = YES;
				CLANG_WARN_COMMA = YES;
				CLANG_WARN_CONSTANT_CONVERSION = YES;
				CLANG_WARN_DEPRECATED_OBJC_IMPLEMENTATIONS = YES;
				CLANG_WARN_DIRECT_OBJC_ISA_USAGE = YES_ERROR;
				CLANG_WARN_DOCUMENTATION_COMMENTS = YES;
				CLANG_WARN_EMPTY_BODY = YES;
				CLANG_WARN_ENUM_CONVERSION = YES;
				CLANG_WARN_INFINITE_RECURSION = YES;
				CLANG_WARN_INT_CONVERSION = YES;
				CLANG_WARN_NON_LITERAL_NULL_CONVERSION = YES;
				CLANG_WARN_OBJC_IMPLICIT_RETAIN_SELF = YES;
				CLANG_WARN_OBJC_LITERAL_CONVERSION = YES;
				CLANG_WARN_OBJC_ROOT_CLASS = YES_ERROR;
				CLANG_WARN_QUOTED_INCLUDE_IN_FRAMEWORK_HEADER = YES;
				CLANG_WARN_RANGE_LOOP_ANALYSIS = YES;
				CLANG_WARN_STRICT_PROTOTYPES = YES;
				CLANG_WARN_SUSPICIOUS_MOVE = YES;
				CLANG_WARN_UNGUARDED_AVAILABILITY = YES_AGGRESSIVE;
				CLANG_WARN_UNREACHABLE_CODE = YES;
				CLANG_WARN__DUPLICATE_METHOD_MATCH = YES;
				COPY_PHASE_STRIP = NO;
				DEBUG_INFORMATION_FORMAT = dwarf;
				ENABLE_STRICT_OBJC_MSGSEND = YES;
				ENABLE_TESTABILITY = YES;
				GCC_C_LANGUAGE_STANDARD = gnu11;
				GCC_DYNAMIC_NO_PIC = NO;
				GCC_NO_COMMON_BLOCKS = YES;
				GCC_OPTIMIZATION_LEVEL = 0;
				GCC_PREPROCESSOR_DEFINITIONS = (
					"DEBUG=1",
					"$(inherited)",
				);
				GCC_WARN_64_TO_32_BIT_CONVERSION = YES;
				GCC_WARN_ABOUT_RETURN_TYPE = YES_ERROR;
				GCC_WARN_UNDECLARED_SELECTOR = YES;
				GCC_WARN_UNINITIALIZED_AUTOS = YES_AGGRESSIVE;
				GCC_WARN_UNUSED_FUNCTION = YES;
				GCC_WARN_UNUSED_VARIABLE = YES;
				MTL_ENABLE_DEBUG_INFO = INCLUDE_SOURCE;
				MTL_FAST_MATH = YES;
				ONLY_ACTIVE_ARCH = YES;
				SWIFT_ACTIVE_COMPILATION_CONDITIONS = DEBUG;
				SWIFT_OPTIMIZATION_LEVEL = "-Onone";
			};
			name = Debug;
		};
		18AB34CB2A0B7FA80086E453 /* Release */ = {
			isa = XCBuildConfiguration;
			buildSettings = {
				ALWAYS_SEARCH_USER_PATHS = NO;
				CLANG_ANALYZER_NONNULL = YES;
				CLANG_ANALYZER_NUMBER_OBJECT_CONVERSION = YES_AGGRESSIVE;
				CLANG_CXX_LANGUAGE_STANDARD = "gnu++20";
				CLANG_ENABLE_MODULES = YES;
				CLANG_ENABLE_OBJC_ARC = YES;
				CLANG_ENABLE_OBJC_WEAK = YES;
				CLANG_WARN_BLOCK_CAPTURE_AUTORELEASING = YES;
				CLANG_WARN_BOOL_CONVERSION = YES;
				CLANG_WARN_COMMA = YES;
				CLANG_WARN_CONSTANT_CONVERSION = YES;
				CLANG_WARN_DEPRECATED_OBJC_IMPLEMENTATIONS = YES;
				CLANG_WARN_DIRECT_OBJC_ISA_USAGE = YES_ERROR;
				CLANG_WARN_DOCUMENTATION_COMMENTS = YES;
				CLANG_WARN_EMPTY_BODY = YES;
				CLANG_WARN_ENUM_CONVERSION = YES;
				CLANG_WARN_INFINITE_RECURSION = YES;
				CLANG_WARN_INT_CONVERSION = YES;
				CLANG_WARN_NON_LITERAL_NULL_CONVERSION = YES;
				CLANG_WARN_OBJC_IMPLICIT_RETAIN_SELF = YES;
				CLANG_WARN_OBJC_LITERAL_CONVERSION = YES;
				CLANG_WARN_OBJC_ROOT_CLASS = YES_ERROR;
				CLANG_WARN_QUOTED_INCLUDE_IN_FRAMEWORK_HEADER = YES;
				CLANG_WARN_RANGE_LOOP_ANALYSIS = YES;
				CLANG_WARN_STRICT_PROTOTYPES = YES;
				CLANG_WARN_SUSPICIOUS_MOVE = YES;
				CLANG_WARN_UNGUARDED_AVAILABILITY = YES_AGGRESSIVE;
				CLANG_WARN_UNREACHABLE_CODE = YES;
				CLANG_WARN__DUPLICATE_METHOD_MATCH = YES;
				COPY_PHASE_STRIP = NO;
				DEBUG_INFORMATION_FORMAT = "dwarf-with-dsym";
				ENABLE_NS_ASSERTIONS = NO;
				ENABLE_STRICT_OBJC_MSGSEND = YES;
				GCC_C_LANGUAGE_STANDARD = gnu11;
				GCC_NO_COMMON_BLOCKS = YES;
				GCC_WARN_64_TO_32_BIT_CONVERSION = YES;
				GCC_WARN_ABOUT_RETURN_TYPE = YES_ERROR;
				GCC_WARN_UNDECLARED_SELECTOR = YES;
				GCC_WARN_UNINITIALIZED_AUTOS = YES_AGGRESSIVE;
				GCC_WARN_UNUSED_FUNCTION = YES;
				GCC_WARN_UNUSED_VARIABLE = YES;
				MTL_ENABLE_DEBUG_INFO = NO;
				MTL_FAST_MATH = YES;
				SWIFT_COMPILATION_MODE = wholemodule;
				SWIFT_OPTIMIZATION_LEVEL = "-O";
			};
			name = Release;
		};
		18AB34CD2A0B7FA80086E453 /* Debug */ = {
			isa = XCBuildConfiguration;
			buildSettings = {
				ASSETCATALOG_COMPILER_APPICON_NAME = AppIcon;
				ASSETCATALOG_COMPILER_GLOBAL_ACCENT_COLOR_NAME = AccentColor;
				CODE_SIGN_ENTITLEMENTS = "spm-example-idnow/spm_example_idnow.entitlements";
				CODE_SIGN_STYLE = Automatic;
				CURRENT_PROJECT_VERSION = 1;
				DEVELOPMENT_ASSET_PATHS = "\"spm-example-idnow/Preview Content\"";
				DEVELOPMENT_TEAM = 38MPL7CVUN;
				ENABLE_HARDENED_RUNTIME = YES;
				ENABLE_PREVIEWS = YES;
				GENERATE_INFOPLIST_FILE = YES;
				INFOPLIST_KEY_NSCameraUsageDescription = "Access for identification";
				INFOPLIST_KEY_NSMicrophoneUsageDescription = "Access for identification";
				"INFOPLIST_KEY_UIApplicationSceneManifest_Generation[sdk=iphoneos*]" = YES;
				"INFOPLIST_KEY_UIApplicationSceneManifest_Generation[sdk=iphonesimulator*]" = YES;
				"INFOPLIST_KEY_UIApplicationSupportsIndirectInputEvents[sdk=iphoneos*]" = YES;
				"INFOPLIST_KEY_UIApplicationSupportsIndirectInputEvents[sdk=iphonesimulator*]" = YES;
				"INFOPLIST_KEY_UILaunchScreen_Generation[sdk=iphoneos*]" = YES;
				"INFOPLIST_KEY_UILaunchScreen_Generation[sdk=iphonesimulator*]" = YES;
				"INFOPLIST_KEY_UIStatusBarStyle[sdk=iphoneos*]" = UIStatusBarStyleDefault;
				"INFOPLIST_KEY_UIStatusBarStyle[sdk=iphonesimulator*]" = UIStatusBarStyleDefault;
				INFOPLIST_KEY_UISupportedInterfaceOrientations_iPad = "UIInterfaceOrientationPortrait UIInterfaceOrientationPortraitUpsideDown UIInterfaceOrientationLandscapeLeft UIInterfaceOrientationLandscapeRight";
				INFOPLIST_KEY_UISupportedInterfaceOrientations_iPhone = "UIInterfaceOrientationPortrait UIInterfaceOrientationLandscapeLeft UIInterfaceOrientationLandscapeRight";
				IPHONEOS_DEPLOYMENT_TARGET = 15.0;
				LD_RUNPATH_SEARCH_PATHS = "@executable_path/Frameworks";
				"LD_RUNPATH_SEARCH_PATHS[sdk=macosx*]" = "@executable_path/../Frameworks";
				MACOSX_DEPLOYMENT_TARGET = 12.0;
				MARKETING_VERSION = 1.0;
				PRODUCT_BUNDLE_IDENTIFIER = "de.idnow.spm-example-idnow";
				PRODUCT_NAME = "$(TARGET_NAME)";
				SDKROOT = iphoneos;
				SUPPORTED_PLATFORMS = "iphonesimulator iphoneos";
				SWIFT_EMIT_LOC_STRINGS = YES;
				SWIFT_VERSION = 5.0;
				TARGETED_DEVICE_FAMILY = "1,2";
			};
			name = Debug;
		};
		18AB34CE2A0B7FA80086E453 /* Release */ = {
			isa = XCBuildConfiguration;
			buildSettings = {
				ASSETCATALOG_COMPILER_APPICON_NAME = AppIcon;
				ASSETCATALOG_COMPILER_GLOBAL_ACCENT_COLOR_NAME = AccentColor;
				CODE_SIGN_ENTITLEMENTS = "spm-example-idnow/spm_example_idnow.entitlements";
				CODE_SIGN_STYLE = Automatic;
				CURRENT_PROJECT_VERSION = 1;
				DEVELOPMENT_ASSET_PATHS = "\"spm-example-idnow/Preview Content\"";
				DEVELOPMENT_TEAM = 38MPL7CVUN;
				ENABLE_HARDENED_RUNTIME = YES;
				ENABLE_PREVIEWS = YES;
				GENERATE_INFOPLIST_FILE = YES;
				INFOPLIST_KEY_NSCameraUsageDescription = "Access for identification";
				INFOPLIST_KEY_NSMicrophoneUsageDescription = "Access for identification";
				"INFOPLIST_KEY_UIApplicationSceneManifest_Generation[sdk=iphoneos*]" = YES;
				"INFOPLIST_KEY_UIApplicationSceneManifest_Generation[sdk=iphonesimulator*]" = YES;
				"INFOPLIST_KEY_UIApplicationSupportsIndirectInputEvents[sdk=iphoneos*]" = YES;
				"INFOPLIST_KEY_UIApplicationSupportsIndirectInputEvents[sdk=iphonesimulator*]" = YES;
				"INFOPLIST_KEY_UILaunchScreen_Generation[sdk=iphoneos*]" = YES;
				"INFOPLIST_KEY_UILaunchScreen_Generation[sdk=iphonesimulator*]" = YES;
				"INFOPLIST_KEY_UIStatusBarStyle[sdk=iphoneos*]" = UIStatusBarStyleDefault;
				"INFOPLIST_KEY_UIStatusBarStyle[sdk=iphonesimulator*]" = UIStatusBarStyleDefault;
				INFOPLIST_KEY_UISupportedInterfaceOrientations_iPad = "UIInterfaceOrientationPortrait UIInterfaceOrientationPortraitUpsideDown UIInterfaceOrientationLandscapeLeft UIInterfaceOrientationLandscapeRight";
				INFOPLIST_KEY_UISupportedInterfaceOrientations_iPhone = "UIInterfaceOrientationPortrait UIInterfaceOrientationLandscapeLeft UIInterfaceOrientationLandscapeRight";
				IPHONEOS_DEPLOYMENT_TARGET = 15.0;
				LD_RUNPATH_SEARCH_PATHS = "@executable_path/Frameworks";
				"LD_RUNPATH_SEARCH_PATHS[sdk=macosx*]" = "@executable_path/../Frameworks";
				MACOSX_DEPLOYMENT_TARGET = 12.0;
				MARKETING_VERSION = 1.0;
				ONLY_ACTIVE_ARCH = YES;
				PRODUCT_BUNDLE_IDENTIFIER = "de.idnow.spm-example-idnow";
				PRODUCT_NAME = "$(TARGET_NAME)";
				SDKROOT = iphoneos;
				SUPPORTED_PLATFORMS = "iphonesimulator iphoneos";
				SWIFT_EMIT_LOC_STRINGS = YES;
				SWIFT_VERSION = 5.0;
				TARGETED_DEVICE_FAMILY = "1,2";
			};
			name = Release;
		};
		18AB34D02A0B7FA80086E453 /* Debug */ = {
			isa = XCBuildConfiguration;
			buildSettings = {
				ALWAYS_EMBED_SWIFT_STANDARD_LIBRARIES = YES;
				BUNDLE_LOADER = "$(TEST_HOST)";
				CODE_SIGN_STYLE = Automatic;
				CURRENT_PROJECT_VERSION = 1;
				DEVELOPMENT_TEAM = 38MPL7CVUN;
				GENERATE_INFOPLIST_FILE = YES;
				IPHONEOS_DEPLOYMENT_TARGET = 16.4;
				MACOSX_DEPLOYMENT_TARGET = 13.3;
				MARKETING_VERSION = 1.0;
				PRODUCT_BUNDLE_IDENTIFIER = "de.idnow.spm-example-idnowTests";
				PRODUCT_NAME = "$(TARGET_NAME)";
				SDKROOT = auto;
				SUPPORTED_PLATFORMS = "iphoneos iphonesimulator macosx";
				SWIFT_EMIT_LOC_STRINGS = NO;
				SWIFT_VERSION = 5.0;
				TARGETED_DEVICE_FAMILY = "1,2";
				TEST_HOST = "$(BUILT_PRODUCTS_DIR)/spm-example-idnow.app/$(BUNDLE_EXECUTABLE_FOLDER_PATH)/spm-example-idnow";
			};
			name = Debug;
		};
		18AB34D12A0B7FA80086E453 /* Release */ = {
			isa = XCBuildConfiguration;
			buildSettings = {
				ALWAYS_EMBED_SWIFT_STANDARD_LIBRARIES = YES;
				BUNDLE_LOADER = "$(TEST_HOST)";
				CODE_SIGN_STYLE = Automatic;
				CURRENT_PROJECT_VERSION = 1;
				DEVELOPMENT_TEAM = 38MPL7CVUN;
				GENERATE_INFOPLIST_FILE = YES;
				IPHONEOS_DEPLOYMENT_TARGET = 16.4;
				MACOSX_DEPLOYMENT_TARGET = 13.3;
				MARKETING_VERSION = 1.0;
				PRODUCT_BUNDLE_IDENTIFIER = "de.idnow.spm-example-idnowTests";
				PRODUCT_NAME = "$(TARGET_NAME)";
				SDKROOT = auto;
				SUPPORTED_PLATFORMS = "iphoneos iphonesimulator macosx";
				SWIFT_EMIT_LOC_STRINGS = NO;
				SWIFT_VERSION = 5.0;
				TARGETED_DEVICE_FAMILY = "1,2";
				TEST_HOST = "$(BUILT_PRODUCTS_DIR)/spm-example-idnow.app/$(BUNDLE_EXECUTABLE_FOLDER_PATH)/spm-example-idnow";
			};
			name = Release;
		};
		18AB34D32A0B7FA80086E453 /* Debug */ = {
			isa = XCBuildConfiguration;
			buildSettings = {
				ALWAYS_EMBED_SWIFT_STANDARD_LIBRARIES = YES;
				CODE_SIGN_STYLE = Automatic;
				CURRENT_PROJECT_VERSION = 1;
				DEVELOPMENT_TEAM = 38MPL7CVUN;
				GENERATE_INFOPLIST_FILE = YES;
				IPHONEOS_DEPLOYMENT_TARGET = 16.4;
				MACOSX_DEPLOYMENT_TARGET = 13.3;
				MARKETING_VERSION = 1.0;
				PRODUCT_BUNDLE_IDENTIFIER = "de.idnow.spm-example-idnowUITests";
				PRODUCT_NAME = "$(TARGET_NAME)";
				SDKROOT = auto;
				SUPPORTED_PLATFORMS = "iphoneos iphonesimulator macosx";
				SWIFT_EMIT_LOC_STRINGS = NO;
				SWIFT_VERSION = 5.0;
				TARGETED_DEVICE_FAMILY = "1,2";
				TEST_TARGET_NAME = "spm-example-idnow";
			};
			name = Debug;
		};
		18AB34D42A0B7FA80086E453 /* Release */ = {
			isa = XCBuildConfiguration;
			buildSettings = {
				ALWAYS_EMBED_SWIFT_STANDARD_LIBRARIES = YES;
				CODE_SIGN_STYLE = Automatic;
				CURRENT_PROJECT_VERSION = 1;
				DEVELOPMENT_TEAM = 38MPL7CVUN;
				GENERATE_INFOPLIST_FILE = YES;
				IPHONEOS_DEPLOYMENT_TARGET = 16.4;
				MACOSX_DEPLOYMENT_TARGET = 13.3;
				MARKETING_VERSION = 1.0;
				PRODUCT_BUNDLE_IDENTIFIER = "de.idnow.spm-example-idnowUITests";
				PRODUCT_NAME = "$(TARGET_NAME)";
				SDKROOT = auto;
				SUPPORTED_PLATFORMS = "iphoneos iphonesimulator macosx";
				SWIFT_EMIT_LOC_STRINGS = NO;
				SWIFT_VERSION = 5.0;
				TARGETED_DEVICE_FAMILY = "1,2";
				TEST_TARGET_NAME = "spm-example-idnow";
			};
			name = Release;
		};
/* End XCBuildConfiguration section */

/* Begin XCConfigurationList section */
		18AB34A22A0B7FA70086E453 /* Build configuration list for PBXProject "spm-example-idnow" */ = {
			isa = XCConfigurationList;
			buildConfigurations = (
				18AB34CA2A0B7FA80086E453 /* Debug */,
				18AB34CB2A0B7FA80086E453 /* Release */,
			);
			defaultConfigurationIsVisible = 0;
			defaultConfigurationName = Release;
		};
		18AB34CC2A0B7FA80086E453 /* Build configuration list for PBXNativeTarget "spm-example-idnow" */ = {
			isa = XCConfigurationList;
			buildConfigurations = (
				18AB34CD2A0B7FA80086E453 /* Debug */,
				18AB34CE2A0B7FA80086E453 /* Release */,
			);
			defaultConfigurationIsVisible = 0;
			defaultConfigurationName = Release;
		};
		18AB34CF2A0B7FA80086E453 /* Build configuration list for PBXNativeTarget "spm-example-idnowTests" */ = {
			isa = XCConfigurationList;
			buildConfigurations = (
				18AB34D02A0B7FA80086E453 /* Debug */,
				18AB34D12A0B7FA80086E453 /* Release */,
			);
			defaultConfigurationIsVisible = 0;
			defaultConfigurationName = Release;
		};
		18AB34D22A0B7FA80086E453 /* Build configuration list for PBXNativeTarget "spm-example-idnowUITests" */ = {
			isa = XCConfigurationList;
			buildConfigurations = (
				18AB34D32A0B7FA80086E453 /* Debug */,
				18AB34D42A0B7FA80086E453 /* Release */,
			);
			defaultConfigurationIsVisible = 0;
			defaultConfigurationName = Release;
		};
/* End XCConfigurationList section */

/* Begin XCLocalSwiftPackageReference section */
		18C622F92B05B6F700E25113 /* XCLocalSwiftPackageReference "../.." */ = {
			isa = XCLocalSwiftPackageReference;
			relativePath = ../..;
		};
/* End XCLocalSwiftPackageReference section */

/* Begin XCSwiftPackageProductDependency section */
		18422FDA2AFA16EE00A5822D /* IDnowSDK */ = {
			isa = XCSwiftPackageProductDependency;
			productName = IDnowSDK;
		};
		18652B682ABC53A9000B2502 /* IDnowSDK */ = {
			isa = XCSwiftPackageProductDependency;
			productName = IDnowSDK;
		};
		18C622FA2B05B6F700E25113 /* IDnowSDK */ = {
			isa = XCSwiftPackageProductDependency;
			productName = IDnowSDK;
		};
/* End XCSwiftPackageProductDependency section */
	};
	rootObject = 18AB349F2A0B7FA70086E453 /* Project object */;
}
