// !$*UTF8*$!
{
	archiveVersion = 1;
	classes = {
	};
	objectVersion = 46;
	objects = {

/* Begin PBXBuildFile section */
		486477D21C6E1B8300C72893 /* Main.storyboard in Resources */ = {isa = PBXBuildFile; fileRef = 6FC64E7F1AC1EFC800BA9B5B /* Main.storyboard */; };
		486477D31C6E1B8300C72893 /* LaunchScreen.xib in Resources */ = {isa = PBXBuildFile; fileRef = 6FC64E841AC1EFC800BA9B5B /* LaunchScreen.xib */; };
		48B030411E4DEF050066CE25 /* Accelerate.framework in Frameworks */ = {isa = PBXBuildFile; fileRef = D62DFA8E1C007D5700BD5788 /* Accelerate.framework */; };
		48B030421E4DEF050066CE25 /* WebKit.framework in Frameworks */ = {isa = PBXBuildFile; fileRef = D62DFA901C007D6400BD5788 /* WebKit.framework */; };
		48B030491E4DEF050066CE25 /* AudioToolbox.framework in Frameworks */ = {isa = PBXBuildFile; fileRef = 48B030431E4DEF050066CE25 /* AudioToolbox.framework */; };
		48B0304A1E4DEF050066CE25 /* AVFoundation.framework in Frameworks */ = {isa = PBXBuildFile; fileRef = 48B030441E4DEF050066CE25 /* AVFoundation.framework */; };
		48B0304B1E4DEF050066CE25 /* CoreMedia.framework in Frameworks */ = {isa = PBXBuildFile; fileRef = 48B030451E4DEF050066CE25 /* CoreMedia.framework */; };
		48B0304C1E4DEF050066CE25 /* GLKit.framework in Frameworks */ = {isa = PBXBuildFile; fileRef = 48B030461E4DEF050066CE25 /* GLKit.framework */; };
		48B0304D1E4DEF050066CE25 /* OpenGLES.framework in Frameworks */ = {isa = PBXBuildFile; fileRef = 48B030471E4DEF050066CE25 /* OpenGLES.framework */; };
		48B0304E1E4DEF050066CE25 /* SystemConfiguration.framework in Frameworks */ = {isa = PBXBuildFile; fileRef = 48B030481E4DEF050066CE25 /* SystemConfiguration.framework */; };
		5AFDB1BE25935BF00018E023 /* EmptySwiftFile.swift in Sources */ = {isa = PBXBuildFile; fileRef = 5AFDB1BD25935BF00018E023 /* EmptySwiftFile.swift */; };
		6FC64E751AC1EFC800BA9B5B /* main.m in Sources */ = {isa = PBXBuildFile; fileRef = 6FC64E741AC1EFC800BA9B5B /* main.m */; };
		6FC64E781AC1EFC800BA9B5B /* AppDelegate.m in Sources */ = {isa = PBXBuildFile; fileRef = 6FC64E771AC1EFC800BA9B5B /* AppDelegate.m */; };
		6FC64E7E1AC1EFC800BA9B5B /* ViewController.m in Sources */ = {isa = PBXBuildFile; fileRef = 6FC64E7D1AC1EFC800BA9B5B /* ViewController.m */; };
		6FC64E831AC1EFC800BA9B5B /* Images.xcassets in Resources */ = {isa = PBXBuildFile; fileRef = 6FC64E821AC1EFC800BA9B5B /* Images.xcassets */; };
		87E3A276BB79EBA951082569 /* Pods_IDnow_SDK_Demo.framework in Frameworks */ = {isa = PBXBuildFile; fileRef = 2FA6356671964689EA50AF16 /* Pods_IDnow_SDK_Demo.framework */; };
/* End PBXBuildFile section */

/* Begin PBXFileReference section */
		02FF0B141FD54C02005878F6 /* IDnowSettingsPrivate.h */ = {isa = PBXFileReference; fileEncoding = 4; lastKnownFileType = sourcecode.c.h; path = IDnowSettingsPrivate.h; sourceTree = "<group>"; };
		0AF98711491F5895E223DF05 /* Pods-IDnow SDK Demo.release.xcconfig */ = {isa = PBXFileReference; includeInIndex = 1; lastKnownFileType = text.xcconfig; name = "Pods-IDnow SDK Demo.release.xcconfig"; path = "Target Support Files/Pods-IDnow SDK Demo/Pods-IDnow SDK Demo.release.xcconfig"; sourceTree = "<group>"; };
		13609D0AD7FDEE6DC0A60E67 /* Pods-IDnow SDK Demo.debug.xcconfig */ = {isa = PBXFileReference; includeInIndex = 1; lastKnownFileType = text.xcconfig; name = "Pods-IDnow SDK Demo.debug.xcconfig"; path = "Target Support Files/Pods-IDnow SDK Demo/Pods-IDnow SDK Demo.debug.xcconfig"; sourceTree = "<group>"; };
		2FA6356671964689EA50AF16 /* Pods_IDnow_SDK_Demo.framework */ = {isa = PBXFileReference; explicitFileType = wrapper.framework; includeInIndex = 0; path = Pods_IDnow_SDK_Demo.framework; sourceTree = BUILT_PRODUCTS_DIR; };
		48B030431E4DEF050066CE25 /* AudioToolbox.framework */ = {isa = PBXFileReference; lastKnownFileType = wrapper.framework; name = AudioToolbox.framework; path = System/Library/Frameworks/AudioToolbox.framework; sourceTree = SDKROOT; };
		48B030441E4DEF050066CE25 /* AVFoundation.framework */ = {isa = PBXFileReference; lastKnownFileType = wrapper.framework; name = AVFoundation.framework; path = System/Library/Frameworks/AVFoundation.framework; sourceTree = SDKROOT; };
		48B030451E4DEF050066CE25 /* CoreMedia.framework */ = {isa = PBXFileReference; lastKnownFileType = wrapper.framework; name = CoreMedia.framework; path = System/Library/Frameworks/CoreMedia.framework; sourceTree = SDKROOT; };
		48B030461E4DEF050066CE25 /* GLKit.framework */ = {isa = PBXFileReference; lastKnownFileType = wrapper.framework; name = GLKit.framework; path = System/Library/Frameworks/GLKit.framework; sourceTree = SDKROOT; };
		48B030471E4DEF050066CE25 /* OpenGLES.framework */ = {isa = PBXFileReference; lastKnownFileType = wrapper.framework; name = OpenGLES.framework; path = System/Library/Frameworks/OpenGLES.framework; sourceTree = SDKROOT; };
		48B030481E4DEF050066CE25 /* SystemConfiguration.framework */ = {isa = PBXFileReference; lastKnownFileType = wrapper.framework; name = SystemConfiguration.framework; path = System/Library/Frameworks/SystemConfiguration.framework; sourceTree = SDKROOT; };
		48E1A2761C6E05C90062A9F5 /* libz.tbd */ = {isa = PBXFileReference; lastKnownFileType = "sourcecode.text-based-dylib-definition"; name = libz.tbd; path = usr/lib/libz.tbd; sourceTree = SDKROOT; };
		48E1A2781C6E0F3E0062A9F5 /* libidnow-sdk-universal.a */ = {isa = PBXFileReference; lastKnownFileType = archive.ar; name = "libidnow-sdk-universal.a"; path = "../idnow-sdk/libidnow-sdk-universal.a"; sourceTree = "<group>"; };
		5AFDB1BC25935BEF0018E023 /* IDnow SDK Demo-Bridging-Header.h */ = {isa = PBXFileReference; lastKnownFileType = sourcecode.c.h; path = "IDnow SDK Demo-Bridging-Header.h"; sourceTree = "<group>"; };
		5AFDB1BD25935BF00018E023 /* EmptySwiftFile.swift */ = {isa = PBXFileReference; lastKnownFileType = sourcecode.swift; path = EmptySwiftFile.swift; sourceTree = "<group>"; };
		6FC64E6F1AC1EFC800BA9B5B /* IDnow SDK Demo.app */ = {isa = PBXFileReference; explicitFileType = wrapper.application; includeInIndex = 0; path = "IDnow SDK Demo.app"; sourceTree = BUILT_PRODUCTS_DIR; };
		6FC64E731AC1EFC800BA9B5B /* Info.plist */ = {isa = PBXFileReference; lastKnownFileType = text.plist.xml; path = Info.plist; sourceTree = "<group>"; };
		6FC64E741AC1EFC800BA9B5B /* main.m */ = {isa = PBXFileReference; lastKnownFileType = sourcecode.c.objc; path = main.m; sourceTree = "<group>"; };
		6FC64E761AC1EFC800BA9B5B /* AppDelegate.h */ = {isa = PBXFileReference; lastKnownFileType = sourcecode.c.h; path = AppDelegate.h; sourceTree = "<group>"; };
		6FC64E771AC1EFC800BA9B5B /* AppDelegate.m */ = {isa = PBXFileReference; lastKnownFileType = sourcecode.c.objc; path = AppDelegate.m; sourceTree = "<group>"; };
		6FC64E7C1AC1EFC800BA9B5B /* ViewController.h */ = {isa = PBXFileReference; lastKnownFileType = sourcecode.c.h; path = ViewController.h; sourceTree = "<group>"; };
		6FC64E7D1AC1EFC800BA9B5B /* ViewController.m */ = {isa = PBXFileReference; lastKnownFileType = sourcecode.c.objc; path = ViewController.m; sourceTree = "<group>"; };
		6FC64E801AC1EFC800BA9B5B /* Base */ = {isa = PBXFileReference; lastKnownFileType = file.storyboard; name = Base; path = Base.lproj/Main.storyboard; sourceTree = "<group>"; };
		6FC64E821AC1EFC800BA9B5B /* Images.xcassets */ = {isa = PBXFileReference; lastKnownFileType = folder.assetcatalog; path = Images.xcassets; sourceTree = "<group>"; };
		6FC64E851AC1EFC800BA9B5B /* Base */ = {isa = PBXFileReference; lastKnownFileType = file.xib; name = Base; path = Base.lproj/LaunchScreen.xib; sourceTree = "<group>"; };
		D62DFA8E1C007D5700BD5788 /* Accelerate.framework */ = {isa = PBXFileReference; lastKnownFileType = wrapper.framework; name = Accelerate.framework; path = System/Library/Frameworks/Accelerate.framework; sourceTree = SDKROOT; };
		D62DFA901C007D6400BD5788 /* WebKit.framework */ = {isa = PBXFileReference; lastKnownFileType = wrapper.framework; name = WebKit.framework; path = System/Library/Frameworks/WebKit.framework; sourceTree = SDKROOT; };
/* End PBXFileReference section */

/* Begin PBXFrameworksBuildPhase section */
		6FC64E6C1AC1EFC800BA9B5B /* Frameworks */ = {
			isa = PBXFrameworksBuildPhase;
			buildActionMask = 2147483647;
			files = (
				48B030491E4DEF050066CE25 /* AudioToolbox.framework in Frameworks */,
				48B0304A1E4DEF050066CE25 /* AVFoundation.framework in Frameworks */,
				48B0304B1E4DEF050066CE25 /* CoreMedia.framework in Frameworks */,
				48B0304C1E4DEF050066CE25 /* GLKit.framework in Frameworks */,
				48B0304D1E4DEF050066CE25 /* OpenGLES.framework in Frameworks */,
				48B0304E1E4DEF050066CE25 /* SystemConfiguration.framework in Frameworks */,
				48B030411E4DEF050066CE25 /* Accelerate.framework in Frameworks */,
				48B030421E4DEF050066CE25 /* WebKit.framework in Frameworks */,
				87E3A276BB79EBA951082569 /* Pods_IDnow_SDK_Demo.framework in Frameworks */,
			);
			runOnlyForDeploymentPostprocessing = 0;
		};
/* End PBXFrameworksBuildPhase section */

/* Begin PBXGroup section */
		0DF8AF3A0EDFAA3DCBFB437A /* Pods */ = {
			isa = PBXGroup;
			children = (
				13609D0AD7FDEE6DC0A60E67 /* Pods-IDnow SDK Demo.debug.xcconfig */,
				0AF98711491F5895E223DF05 /* Pods-IDnow SDK Demo.release.xcconfig */,
			);
			name = Pods;
			path = Pods;
			sourceTree = "<group>";
		};
		4A9E5A247C8C4F21351B0837 /* Frameworks */ = {
			isa = PBXGroup;
			children = (
				48B030431E4DEF050066CE25 /* AudioToolbox.framework */,
				48B030441E4DEF050066CE25 /* AVFoundation.framework */,
				48B030451E4DEF050066CE25 /* CoreMedia.framework */,
				48B030461E4DEF050066CE25 /* GLKit.framework */,
				48B030471E4DEF050066CE25 /* OpenGLES.framework */,
				48B030481E4DEF050066CE25 /* SystemConfiguration.framework */,
				48E1A2781C6E0F3E0062A9F5 /* libidnow-sdk-universal.a */,
				48E1A2761C6E05C90062A9F5 /* libz.tbd */,
				D62DFA901C007D6400BD5788 /* WebKit.framework */,
				D62DFA8E1C007D5700BD5788 /* Accelerate.framework */,
				2FA6356671964689EA50AF16 /* Pods_IDnow_SDK_Demo.framework */,
			);
			name = Frameworks;
			sourceTree = "<group>";
		};
		6FC64E661AC1EFC800BA9B5B = {
			isa = PBXGroup;
			children = (
				6FC64E711AC1EFC800BA9B5B /* IDnow SDK Demo */,
				6FC64E701AC1EFC800BA9B5B /* Products */,
				4A9E5A247C8C4F21351B0837 /* Frameworks */,
				0DF8AF3A0EDFAA3DCBFB437A /* Pods */,
			);
			sourceTree = "<group>";
		};
		6FC64E701AC1EFC800BA9B5B /* Products */ = {
			isa = PBXGroup;
			children = (
				6FC64E6F1AC1EFC800BA9B5B /* IDnow SDK Demo.app */,
			);
			name = Products;
			sourceTree = "<group>";
		};
		6FC64E711AC1EFC800BA9B5B /* IDnow SDK Demo */ = {
			isa = PBXGroup;
			children = (
				6FC64E761AC1EFC800BA9B5B /* AppDelegate.h */,
				6FC64E771AC1EFC800BA9B5B /* AppDelegate.m */,
				6FC64E7C1AC1EFC800BA9B5B /* ViewController.h */,
				6FC64E7D1AC1EFC800BA9B5B /* ViewController.m */,
				6FC64E7F1AC1EFC800BA9B5B /* Main.storyboard */,
				6FC64E821AC1EFC800BA9B5B /* Images.xcassets */,
				6FC64E841AC1EFC800BA9B5B /* LaunchScreen.xib */,
				6FC64E721AC1EFC800BA9B5B /* Supporting Files */,
				5AFDB1BD25935BF00018E023 /* EmptySwiftFile.swift */,
				5AFDB1BC25935BEF0018E023 /* IDnow SDK Demo-Bridging-Header.h */,
			);
			path = "IDnow SDK Demo";
			sourceTree = "<group>";
		};
		6FC64E721AC1EFC800BA9B5B /* Supporting Files */ = {
			isa = PBXGroup;
			children = (
				02FF0B141FD54C02005878F6 /* IDnowSettingsPrivate.h */,
				6FC64E731AC1EFC800BA9B5B /* Info.plist */,
				6FC64E741AC1EFC800BA9B5B /* main.m */,
			);
			name = "Supporting Files";
			sourceTree = "<group>";
		};
/* End PBXGroup section */

/* Begin PBXNativeTarget section */
		6FC64E6E1AC1EFC800BA9B5B /* IDnow SDK Demo */ = {
			isa = PBXNativeTarget;
			buildConfigurationList = 6FC64E951AC1EFC800BA9B5B /* Build configuration list for PBXNativeTarget "IDnow SDK Demo" */;
			buildPhases = (
				D7E20AEF8F19F9072535063A /* [CP] Check Pods Manifest.lock */,
				6FC64E6B1AC1EFC800BA9B5B /* Sources */,
				6FC64E6C1AC1EFC800BA9B5B /* Frameworks */,
				6FC64E6D1AC1EFC800BA9B5B /* Resources */,
				5E8BC4F5FACF7B714ECE711F /* [CP] Copy Pods Resources */,
			);
			buildRules = (
			);
			dependencies = (
			);
			name = "IDnow SDK Demo";
			productName = "IDnow SDK Demo";
			productReference = 6FC64E6F1AC1EFC800BA9B5B /* IDnow SDK Demo.app */;
			productType = "com.apple.product-type.application";
		};
/* End PBXNativeTarget section */

/* Begin PBXProject section */
		6FC64E671AC1EFC800BA9B5B /* Project object */ = {
			isa = PBXProject;
			attributes = {
				LastUpgradeCheck = 0900;
				ORGANIZATIONNAME = "IDnow GmbH";
				TargetAttributes = {
					6FC64E6E1AC1EFC800BA9B5B = {
						DevelopmentTeam = 4W3KTRTP73;
						LastSwiftMigration = 1220;
						SystemCapabilities = {
							com.apple.BackgroundModes = {
								enabled = 1;
							};
						};
					};
				};
			};
			buildConfigurationList = 6FC64E6A1AC1EFC800BA9B5B /* Build configuration list for PBXProject "IDnow SDK Demo" */;
			compatibilityVersion = "Xcode 3.2";
			developmentRegion = English;
			hasScannedForEncodings = 0;
			knownRegions = (
				English,
				en,
				Base,
			);
			mainGroup = 6FC64E661AC1EFC800BA9B5B;
			productRefGroup = 6FC64E701AC1EFC800BA9B5B /* Products */;
			projectDirPath = "";
			projectRoot = "";
			targets = (
				6FC64E6E1AC1EFC800BA9B5B /* IDnow SDK Demo */,
			);
		};
/* End PBXProject section */

/* Begin PBXResourcesBuildPhase section */
		6FC64E6D1AC1EFC800BA9B5B /* Resources */ = {
			isa = PBXResourcesBuildPhase;
			buildActionMask = 2147483647;
			files = (
				486477D21C6E1B8300C72893 /* Main.storyboard in Resources */,
				486477D31C6E1B8300C72893 /* LaunchScreen.xib in Resources */,
				6FC64E831AC1EFC800BA9B5B /* Images.xcassets in Resources */,
			);
			runOnlyForDeploymentPostprocessing = 0;
		};
/* End PBXResourcesBuildPhase section */

/* Begin PBXShellScriptBuildPhase section */
		5E8BC4F5FACF7B714ECE711F /* [CP] Copy Pods Resources */ = {
			isa = PBXShellScriptBuildPhase;
			buildActionMask = 2147483647;
			files = (
			);
			inputPaths = (
				"${PODS_ROOT}/Target Support Files/Pods-IDnow SDK Demo/Pods-IDnow SDK Demo-resources.sh",
				"${PODS_ROOT}/IDnowSDK/idnow-sdk/resources/idn-helper-DRIVERS_LICENSE-IDBACKSIDE@2x.jpg",
				"${PODS_ROOT}/IDnowSDK/idnow-sdk/resources/idn-helper-DRIVERS_LICENSE-IDBACKSIDE@3x.jpg",
				"${PODS_ROOT}/IDnowSDK/idnow-sdk/resources/idn-helper-DRIVERS_LICENSE-IDFRONTSIDE@2x.jpg",
				"${PODS_ROOT}/IDnowSDK/idnow-sdk/resources/idn-helper-DRIVERS_LICENSE-IDFRONTSIDE@3x.jpg",
				"${PODS_ROOT}/IDnowSDK/idnow-sdk/resources/idn-helper-DRIVERS_LICENSE-IDHOLOGRAMS@2x.jpg",
				"${PODS_ROOT}/IDnowSDK/idnow-sdk/resources/idn-helper-DRIVERS_LICENSE-IDHOLOGRAMS@3x.jpg",
				"${PODS_ROOT}/IDnowSDK/idnow-sdk/resources/idn-helper-FACESCREENSHOT@2x.jpg",
				"${PODS_ROOT}/IDnowSDK/idnow-sdk/resources/idn-helper-FACESCREENSHOT@3x.jpg",
				"${PODS_ROOT}/IDnowSDK/idnow-sdk/resources/idn-helper-IDCARD-IDBACKSIDE@2x.jpg",
				"${PODS_ROOT}/IDnowSDK/idnow-sdk/resources/idn-helper-IDCARD-IDBACKSIDE@3x.jpg",
				"${PODS_ROOT}/IDnowSDK/idnow-sdk/resources/idn-helper-IDCARD-IDFRONTSIDE@2x.jpg",
				"${PODS_ROOT}/IDnowSDK/idnow-sdk/resources/idn-helper-IDCARD-IDFRONTSIDE@3x.jpg",
				"${PODS_ROOT}/IDnowSDK/idnow-sdk/resources/idn-helper-IDCARD-IDHOLOGRAMS@2x.jpg",
				"${PODS_ROOT}/IDnowSDK/idnow-sdk/resources/idn-helper-IDCARD-IDHOLOGRAMS@3x.jpg",
				"${PODS_ROOT}/IDnowSDK/idnow-sdk/resources/idn-helper-PASSPORT-IDBACKSIDE@2x.jpg",
				"${PODS_ROOT}/IDnowSDK/idnow-sdk/resources/idn-helper-PASSPORT-IDBACKSIDE@3x.jpg",
				"${PODS_ROOT}/IDnowSDK/idnow-sdk/resources/idn-helper-PASSPORT-IDFRONTSIDE@2x.jpg",
				"${PODS_ROOT}/IDnowSDK/idnow-sdk/resources/idn-helper-PASSPORT-IDFRONTSIDE@3x.jpg",
				"${PODS_ROOT}/IDnowSDK/idnow-sdk/resources/idn-helper-PASSPORT-IDHOLOGRAMS@2x.jpg",
				"${PODS_ROOT}/IDnowSDK/idnow-sdk/resources/idn-helper-PASSPORT-IDHOLOGRAMS@3x.jpg",
				"${PODS_ROOT}/IDnowSDK/idnow-sdk/resources/idn-helper-RESIDENCE_PERMIT-IDBACKSIDE@2x.jpg",
				"${PODS_ROOT}/IDnowSDK/idnow-sdk/resources/idn-helper-RESIDENCE_PERMIT-IDBACKSIDE@3x.jpg",
				"${PODS_ROOT}/IDnowSDK/idnow-sdk/resources/idn-helper-RESIDENCE_PERMIT-IDFRONTSIDE@2x.jpg",
				"${PODS_ROOT}/IDnowSDK/idnow-sdk/resources/idn-helper-RESIDENCE_PERMIT-IDFRONTSIDE@3x.jpg",
				"${PODS_ROOT}/IDnowSDK/idnow-sdk/resources/idn-helper-RESIDENCE_PERMIT-IDHOLOGRAMS@2x.jpg",
				"${PODS_ROOT}/IDnowSDK/idnow-sdk/resources/idn-helper-RESIDENCE_PERMIT-IDHOLOGRAMS@3x.jpg",
				"${PODS_ROOT}/IDnowSDK/idnow-sdk/resources/IDnowImages.bundle",
				"${PODS_ROOT}/IDnowSDK/idnow-sdk/resources/IDnowSDKLocalization.bundle",
				"${PODS_ROOT}/IDnowSDK/idnow-sdk/resources/IDnowVideoIdentPlusImages.bundle",
			);
			name = "[CP] Copy Pods Resources";
			outputPaths = (
				"${TARGET_BUILD_DIR}/${UNLOCALIZED_RESOURCES_FOLDER_PATH}/idn-helper-DRIVERS_LICENSE-IDBACKSIDE@2x.jpg",
				"${TARGET_BUILD_DIR}/${UNLOCALIZED_RESOURCES_FOLDER_PATH}/idn-helper-DRIVERS_LICENSE-IDBACKSIDE@3x.jpg",
				"${TARGET_BUILD_DIR}/${UNLOCALIZED_RESOURCES_FOLDER_PATH}/idn-helper-DRIVERS_LICENSE-IDFRONTSIDE@2x.jpg",
				"${TARGET_BUILD_DIR}/${UNLOCALIZED_RESOURCES_FOLDER_PATH}/idn-helper-DRIVERS_LICENSE-IDFRONTSIDE@3x.jpg",
				"${TARGET_BUILD_DIR}/${UNLOCALIZED_RESOURCES_FOLDER_PATH}/idn-helper-DRIVERS_LICENSE-IDHOLOGRAMS@2x.jpg",
				"${TARGET_BUILD_DIR}/${UNLOCALIZED_RESOURCES_FOLDER_PATH}/idn-helper-DRIVERS_LICENSE-IDHOLOGRAMS@3x.jpg",
				"${TARGET_BUILD_DIR}/${UNLOCALIZED_RESOURCES_FOLDER_PATH}/idn-helper-FACESCREENSHOT@2x.jpg",
				"${TARGET_BUILD_DIR}/${UNLOCALIZED_RESOURCES_FOLDER_PATH}/idn-helper-FACESCREENSHOT@3x.jpg",
				"${TARGET_BUILD_DIR}/${UNLOCALIZED_RESOURCES_FOLDER_PATH}/idn-helper-IDCARD-IDBACKSIDE@2x.jpg",
				"${TARGET_BUILD_DIR}/${UNLOCALIZED_RESOURCES_FOLDER_PATH}/idn-helper-IDCARD-IDBACKSIDE@3x.jpg",
				"${TARGET_BUILD_DIR}/${UNLOCALIZED_RESOURCES_FOLDER_PATH}/idn-helper-IDCARD-IDFRONTSIDE@2x.jpg",
				"${TARGET_BUILD_DIR}/${UNLOCALIZED_RESOURCES_FOLDER_PATH}/idn-helper-IDCARD-IDFRONTSIDE@3x.jpg",
				"${TARGET_BUILD_DIR}/${UNLOCALIZED_RESOURCES_FOLDER_PATH}/idn-helper-IDCARD-IDHOLOGRAMS@2x.jpg",
				"${TARGET_BUILD_DIR}/${UNLOCALIZED_RESOURCES_FOLDER_PATH}/idn-helper-IDCARD-IDHOLOGRAMS@3x.jpg",
				"${TARGET_BUILD_DIR}/${UNLOCALIZED_RESOURCES_FOLDER_PATH}/idn-helper-PASSPORT-IDBACKSIDE@2x.jpg",
				"${TARGET_BUILD_DIR}/${UNLOCALIZED_RESOURCES_FOLDER_PATH}/idn-helper-PASSPORT-IDBACKSIDE@3x.jpg",
				"${TARGET_BUILD_DIR}/${UNLOCALIZED_RESOURCES_FOLDER_PATH}/idn-helper-PASSPORT-IDFRONTSIDE@2x.jpg",
				"${TARGET_BUILD_DIR}/${UNLOCALIZED_RESOURCES_FOLDER_PATH}/idn-helper-PASSPORT-IDFRONTSIDE@3x.jpg",
				"${TARGET_BUILD_DIR}/${UNLOCALIZED_RESOURCES_FOLDER_PATH}/idn-helper-PASSPORT-IDHOLOGRAMS@2x.jpg",
				"${TARGET_BUILD_DIR}/${UNLOCALIZED_RESOURCES_FOLDER_PATH}/idn-helper-PASSPORT-IDHOLOGRAMS@3x.jpg",
				"${TARGET_BUILD_DIR}/${UNLOCALIZED_RESOURCES_FOLDER_PATH}/idn-helper-RESIDENCE_PERMIT-IDBACKSIDE@2x.jpg",
				"${TARGET_BUILD_DIR}/${UNLOCALIZED_RESOURCES_FOLDER_PATH}/idn-helper-RESIDENCE_PERMIT-IDBACKSIDE@3x.jpg",
				"${TARGET_BUILD_DIR}/${UNLOCALIZED_RESOURCES_FOLDER_PATH}/idn-helper-RESIDENCE_PERMIT-IDFRONTSIDE@2x.jpg",
				"${TARGET_BUILD_DIR}/${UNLOCALIZED_RESOURCES_FOLDER_PATH}/idn-helper-RESIDENCE_PERMIT-IDFRONTSIDE@3x.jpg",
				"${TARGET_BUILD_DIR}/${UNLOCALIZED_RESOURCES_FOLDER_PATH}/idn-helper-RESIDENCE_PERMIT-IDHOLOGRAMS@2x.jpg",
				"${TARGET_BUILD_DIR}/${UNLOCALIZED_RESOURCES_FOLDER_PATH}/idn-helper-RESIDENCE_PERMIT-IDHOLOGRAMS@3x.jpg",
				"${TARGET_BUILD_DIR}/${UNLOCALIZED_RESOURCES_FOLDER_PATH}/IDnowImages.bundle",
				"${TARGET_BUILD_DIR}/${UNLOCALIZED_RESOURCES_FOLDER_PATH}/IDnowSDKLocalization.bundle",
				"${TARGET_BUILD_DIR}/${UNLOCALIZED_RESOURCES_FOLDER_PATH}/IDnowVideoIdentPlusImages.bundle",
			);
			runOnlyForDeploymentPostprocessing = 0;
			shellPath = /bin/sh;
			shellScript = "\"${PODS_ROOT}/Target Support Files/Pods-IDnow SDK Demo/Pods-IDnow SDK Demo-resources.sh\"\n";
			showEnvVarsInLog = 0;
		};
		D7E20AEF8F19F9072535063A /* [CP] Check Pods Manifest.lock */ = {
			isa = PBXShellScriptBuildPhase;
			buildActionMask = 2147483647;
			files = (
			);
			inputFileListPaths = (
			);
			inputPaths = (
				"${PODS_PODFILE_DIR_PATH}/Podfile.lock",
				"${PODS_ROOT}/Manifest.lock",
			);
			name = "[CP] Check Pods Manifest.lock";
			outputFileListPaths = (
			);
			outputPaths = (
				"$(DERIVED_FILE_DIR)/Pods-IDnow SDK Demo-checkManifestLockResult.txt",
			);
			runOnlyForDeploymentPostprocessing = 0;
			shellPath = /bin/sh;
			shellScript = "diff \"${PODS_PODFILE_DIR_PATH}/Podfile.lock\" \"${PODS_ROOT}/Manifest.lock\" > /dev/null\nif [ $? != 0 ] ; then\n    # print error to STDERR\n    echo \"error: The sandbox is not in sync with the Podfile.lock. Run 'pod install' or update your CocoaPods installation.\" >&2\n    exit 1\nfi\n# This output is used by Xcode 'outputs' to avoid re-running this script phase.\necho \"SUCCESS\" > \"${SCRIPT_OUTPUT_FILE_0}\"\n";
			showEnvVarsInLog = 0;
		};
/* End PBXShellScriptBuildPhase section */

/* Begin PBXSourcesBuildPhase section */
		6FC64E6B1AC1EFC800BA9B5B /* Sources */ = {
			isa = PBXSourcesBuildPhase;
			buildActionMask = 2147483647;
			files = (
				6FC64E781AC1EFC800BA9B5B /* AppDelegate.m in Sources */,
				6FC64E7E1AC1EFC800BA9B5B /* ViewController.m in Sources */,
				6FC64E751AC1EFC800BA9B5B /* main.m in Sources */,
				5AFDB1BE25935BF00018E023 /* EmptySwiftFile.swift in Sources */,
			);
			runOnlyForDeploymentPostprocessing = 0;
		};
/* End PBXSourcesBuildPhase section */

/* Begin PBXVariantGroup section */
		6FC64E7F1AC1EFC800BA9B5B /* Main.storyboard */ = {
			isa = PBXVariantGroup;
			children = (
				6FC64E801AC1EFC800BA9B5B /* Base */,
			);
			name = Main.storyboard;
			sourceTree = "<group>";
		};
		6FC64E841AC1EFC800BA9B5B /* LaunchScreen.xib */ = {
			isa = PBXVariantGroup;
			children = (
				6FC64E851AC1EFC800BA9B5B /* Base */,
			);
			name = LaunchScreen.xib;
			sourceTree = "<group>";
		};
/* End PBXVariantGroup section */

/* Begin XCBuildConfiguration section */
		6FC64E931AC1EFC800BA9B5B /* Debug */ = {
			isa = XCBuildConfiguration;
			buildSettings = {
				ALWAYS_SEARCH_USER_PATHS = NO;
				CLANG_CXX_LANGUAGE_STANDARD = "gnu++0x";
				CLANG_CXX_LIBRARY = "libc++";
				CLANG_ENABLE_MODULES = YES;
				CLANG_ENABLE_OBJC_ARC = YES;
				CLANG_WARN_BLOCK_CAPTURE_AUTORELEASING = YES;
				CLANG_WARN_BOOL_CONVERSION = YES;
				CLANG_WARN_COMMA = YES;
				CLANG_WARN_CONSTANT_CONVERSION = YES;
				CLANG_WARN_DIRECT_OBJC_ISA_USAGE = YES_ERROR;
				CLANG_WARN_EMPTY_BODY = YES;
				CLANG_WARN_ENUM_CONVERSION = YES;
				CLANG_WARN_INFINITE_RECURSION = YES;
				CLANG_WARN_INT_CONVERSION = YES;
				CLANG_WARN_NON_LITERAL_NULL_CONVERSION = YES;
				CLANG_WARN_OBJC_LITERAL_CONVERSION = YES;
				CLANG_WARN_OBJC_ROOT_CLASS = YES_ERROR;
				CLANG_WARN_RANGE_LOOP_ANALYSIS = YES;
				CLANG_WARN_STRICT_PROTOTYPES = YES;
				CLANG_WARN_SUSPICIOUS_MOVE = YES;
				CLANG_WARN_UNREACHABLE_CODE = YES;
				CLANG_WARN__DUPLICATE_METHOD_MATCH = YES;
				"CODE_SIGN_IDENTITY[sdk=iphoneos*]" = "iPhone Developer";
				COPY_PHASE_STRIP = NO;
				ENABLE_STRICT_OBJC_MSGSEND = YES;
				ENABLE_TESTABILITY = YES;
				GCC_C_LANGUAGE_STANDARD = gnu99;
				GCC_DYNAMIC_NO_PIC = NO;
				GCC_NO_COMMON_BLOCKS = YES;
				GCC_OPTIMIZATION_LEVEL = 0;
				GCC_PREPROCESSOR_DEFINITIONS = (
					"DEBUG=1",
					"$(inherited)",
				);
				GCC_SYMBOLS_PRIVATE_EXTERN = NO;
				GCC_WARN_64_TO_32_BIT_CONVERSION = YES;
				GCC_WARN_ABOUT_RETURN_TYPE = YES_ERROR;
				GCC_WARN_UNDECLARED_SELECTOR = YES;
				GCC_WARN_UNINITIALIZED_AUTOS = YES_AGGRESSIVE;
				GCC_WARN_UNUSED_FUNCTION = YES;
				GCC_WARN_UNUSED_VARIABLE = YES;
				IPHONEOS_DEPLOYMENT_TARGET = 8.0;
				MTL_ENABLE_DEBUG_INFO = YES;
				ONLY_ACTIVE_ARCH = YES;
				SDKROOT = iphoneos;
			};
			name = Debug;
		};
		6FC64E941AC1EFC800BA9B5B /* Release */ = {
			isa = XCBuildConfiguration;
			buildSettings = {
				ALWAYS_SEARCH_USER_PATHS = NO;
				CLANG_CXX_LANGUAGE_STANDARD = "gnu++0x";
				CLANG_CXX_LIBRARY = "libc++";
				CLANG_ENABLE_MODULES = YES;
				CLANG_ENABLE_OBJC_ARC = YES;
				CLANG_WARN_BLOCK_CAPTURE_AUTORELEASING = YES;
				CLANG_WARN_BOOL_CONVERSION = YES;
				CLANG_WARN_COMMA = YES;
				CLANG_WARN_CONSTANT_CONVERSION = YES;
				CLANG_WARN_DIRECT_OBJC_ISA_USAGE = YES_ERROR;
				CLANG_WARN_EMPTY_BODY = YES;
				CLANG_WARN_ENUM_CONVERSION = YES;
				CLANG_WARN_INFINITE_RECURSION = YES;
				CLANG_WARN_INT_CONVERSION = YES;
				CLANG_WARN_NON_LITERAL_NULL_CONVERSION = YES;
				CLANG_WARN_OBJC_LITERAL_CONVERSION = YES;
				CLANG_WARN_OBJC_ROOT_CLASS = YES_ERROR;
				CLANG_WARN_RANGE_LOOP_ANALYSIS = YES;
				CLANG_WARN_STRICT_PROTOTYPES = YES;
				CLANG_WARN_SUSPICIOUS_MOVE = YES;
				CLANG_WARN_UNREACHABLE_CODE = YES;
				CLANG_WARN__DUPLICATE_METHOD_MATCH = YES;
				"CODE_SIGN_IDENTITY[sdk=iphoneos*]" = "iPhone Developer";
				COPY_PHASE_STRIP = NO;
				ENABLE_NS_ASSERTIONS = NO;
				ENABLE_STRICT_OBJC_MSGSEND = YES;
				GCC_C_LANGUAGE_STANDARD = gnu99;
				GCC_NO_COMMON_BLOCKS = YES;
				GCC_WARN_64_TO_32_BIT_CONVERSION = YES;
				GCC_WARN_ABOUT_RETURN_TYPE = YES_ERROR;
				GCC_WARN_UNDECLARED_SELECTOR = YES;
				GCC_WARN_UNINITIALIZED_AUTOS = YES_AGGRESSIVE;
				GCC_WARN_UNUSED_FUNCTION = YES;
				GCC_WARN_UNUSED_VARIABLE = YES;
				IPHONEOS_DEPLOYMENT_TARGET = 8.0;
				MTL_ENABLE_DEBUG_INFO = NO;
				SDKROOT = iphoneos;
				VALIDATE_PRODUCT = YES;
			};
			name = Release;
		};
		6FC64E961AC1EFC800BA9B5B /* Debug */ = {
			isa = XCBuildConfiguration;
			baseConfigurationReference = 13609D0AD7FDEE6DC0A60E67 /* Pods-IDnow SDK Demo.debug.xcconfig */;
			buildSettings = {
				ASSETCATALOG_COMPILER_APPICON_NAME = AppIcon;
				CLANG_ENABLE_MODULES = YES;
				CODE_SIGN_IDENTITY = "iPhone Developer";
				COMPRESS_PNG_FILES = NO;
				DEVELOPMENT_TEAM = 4W3KTRTP73;
				ENABLE_BITCODE = NO;
				HEADER_SEARCH_PATHS = (
					"$(inherited)",
					"\"${PODS_ROOT}/Headers/Public\"",
					"\"${PODS_ROOT}/Headers/Public/AFNetworking\"",
					"\"${PODS_ROOT}/Headers/Public/Masonry\"",
					"\"${PODS_ROOT}/Headers/Public/OpenTok\"",
					"\"${PODS_ROOT}/Headers/Public/SocketRocket\"",
					"\"${PODS_ROOT}/Headers/Public/UIAlertView+Blocks\"",
				);
				INFOPLIST_FILE = "IDnow SDK Demo/Info.plist";
				IPHONEOS_DEPLOYMENT_TARGET = 8.0;
				LD_RUNPATH_SEARCH_PATHS = "$(inherited) @executable_path/Frameworks";
				LIBRARY_SEARCH_PATHS = "$(inherited)";
				PRODUCT_BUNDLE_IDENTIFIER = de.idnow.ios;
				PRODUCT_NAME = "$(TARGET_NAME)";
				SWIFT_OBJC_BRIDGING_HEADER = "IDnow SDK Demo/IDnow SDK Demo-Bridging-Header.h";
				SWIFT_OPTIMIZATION_LEVEL = "-Onone";
				SWIFT_VERSION = 5.0;
				TARGETED_DEVICE_FAMILY = "1,2";
			};
			name = Debug;
		};
		6FC64E971AC1EFC800BA9B5B /* Release */ = {
			isa = XCBuildConfiguration;
			baseConfigurationReference = 0AF98711491F5895E223DF05 /* Pods-IDnow SDK Demo.release.xcconfig */;
			buildSettings = {
				ASSETCATALOG_COMPILER_APPICON_NAME = AppIcon;
				CLANG_ENABLE_MODULES = YES;
				CODE_SIGN_IDENTITY = "iPhone Developer";
				COMPRESS_PNG_FILES = NO;
				DEVELOPMENT_TEAM = 4W3KTRTP73;
				ENABLE_BITCODE = NO;
				HEADER_SEARCH_PATHS = (
					"$(inherited)",
					"\"${PODS_ROOT}/Headers/Public\"",
					"\"${PODS_ROOT}/Headers/Public/AFNetworking\"",
					"\"${PODS_ROOT}/Headers/Public/Masonry\"",
					"\"${PODS_ROOT}/Headers/Public/OpenTok\"",
					"\"${PODS_ROOT}/Headers/Public/SocketRocket\"",
					"\"${PODS_ROOT}/Headers/Public/UIAlertView+Blocks\"",
				);
				INFOPLIST_FILE = "IDnow SDK Demo/Info.plist";
				IPHONEOS_DEPLOYMENT_TARGET = 8.0;
				LD_RUNPATH_SEARCH_PATHS = "$(inherited) @executable_path/Frameworks";
				LIBRARY_SEARCH_PATHS = "$(inherited)";
				PRODUCT_BUNDLE_IDENTIFIER = de.idnow.ios;
				PRODUCT_NAME = "$(TARGET_NAME)";
				SWIFT_OBJC_BRIDGING_HEADER = "IDnow SDK Demo/IDnow SDK Demo-Bridging-Header.h";
				SWIFT_VERSION = 5.0;
				TARGETED_DEVICE_FAMILY = "1,2";
			};
			name = Release;
		};
/* End XCBuildConfiguration section */

/* Begin XCConfigurationList section */
		6FC64E6A1AC1EFC800BA9B5B /* Build configuration list for PBXProject "IDnow SDK Demo" */ = {
			isa = XCConfigurationList;
			buildConfigurations = (
				6FC64E931AC1EFC800BA9B5B /* Debug */,
				6FC64E941AC1EFC800BA9B5B /* Release */,
			);
			defaultConfigurationIsVisible = 0;
			defaultConfigurationName = Release;
		};
		6FC64E951AC1EFC800BA9B5B /* Build configuration list for PBXNativeTarget "IDnow SDK Demo" */ = {
			isa = XCConfigurationList;
			buildConfigurations = (
				6FC64E961AC1EFC800BA9B5B /* Debug */,
				6FC64E971AC1EFC800BA9B5B /* Release */,
			);
			defaultConfigurationIsVisible = 0;
			defaultConfigurationName = Release;
		};
/* End XCConfigurationList section */
	};
	rootObject = 6FC64E671AC1EFC800BA9B5B /* Project object */;
}
