PODS:
  - AFNetworking (4.0.1):
    - AFNetworking/NSURLSession (= 4.0.1)
    - AFNetworking/Reachability (= 4.0.1)
    - AFNetworking/Security (= 4.0.1)
    - AFNetworking/Serialization (= 4.0.1)
    - AFNetworking/UIKit (= 4.0.1)
  - AFNetworking/NSURLSession (4.0.1):
    - AFNetworking/Reachability
    - AFNetworking/Security
    - AFNetworking/Serialization
  - AFNetworking/Reachability (4.0.1)
  - AFNetworking/Security (4.0.1)
  - AFNetworking/Serialization (4.0.1)
  - AFNetworking/UIKit (4.0.1):
    - AFNetworking/NSURLSession
  - FLAnimatedImage (1.0.15)
  - IDnowSDK (5.0.2):
    - AFNetworking (~> 4.0)
    - FLAnimatedImage (~> 1.0)
    - libPhoneNumber-iOS (~> 0.9)
    - Masonry (~> 1.1.0)
    - SocketRocket (~> 0.5.1)
  - libPhoneNumber-iOS (0.9.15)
  - Masonry (1.1.0)
  - SocketRocket (0.5.1)

DEPENDENCIES:
  - IDnowSDK (= 5.0.2)

SPEC REPOS:
  trunk:
    - AFNetworking
    - FLAnimatedImage
    - IDnowSDK
    - libPhoneNumber-iOS
    - Masonry
    - SocketRocket

SPEC CHECKSUMS:
  AFNetworking: 7864c38297c79aaca1500c33288e429c3451fdce
  FLAnimatedImage: dd3db277b17e909ec3c7fd41adfce79b321d960e
  IDnowSDK: 8870559b48737a057ce303bf611a45170decbe9d
  libPhoneNumber-iOS: 0a32a9525cf8744fe02c5206eb30d571e38f7d75
  Masonry: 678fab65091a9290e40e2832a55e7ab731aad201
  SocketRocket: d57c7159b83c3c6655745cd15302aa24b6bae531

PODFILE CHECKSUM: e1c3020cd74ddfe7532c660f76e30a8f1c433c85

COCOAPODS: 1.10.0
